// !$*UTF8*$!
{
	archiveVersion = 1;
	classes = {
	};
	objectVersion = 46;
	objects = {

/* Begin PBXBuildFile section */
		6E04DC26176618750098D9D5 /* libclang.dylib in Frameworks */ = {isa = PBXBuildFile; fileRef = 6E04DC25176618750098D9D5 /* libclang.dylib */; };
		E50FD30A1752C0D100C4AA66 /* LLDB.framework in CopyFiles */ = {isa = PBXBuildFile; fileRef = E50FD2FF1752B5BE00C4AA66 /* LLDB.framework */; };
		E50FD30B1752C0E700C4AA66 /* LLDB.framework in Frameworks */ = {isa = PBXBuildFile; fileRef = E50FD2FF1752B5BE00C4AA66 /* LLDB.framework */; };
		E514380F1766377900DE52E4 /* libclang.dylib in Frameworks */ = {isa = PBXBuildFile; fileRef = 6E04DC25176618750098D9D5 /* libclang.dylib */; };
		E5143811176637A400DE52E4 /* libclang.dylib in CopyFiles */ = {isa = PBXBuildFile; fileRef = 6E04DC25176618750098D9D5 /* libclang.dylib */; };
		E53D0CF4177445E90082B86F /* Breakpoint.cpp in Sources */ = {isa = PBXBuildFile; fileRef = E53D0CE6177445E90082B86F /* Breakpoint.cpp */; };
		E53D0CF5177445E90082B86F /* Breakpoint.cpp in Sources */ = {isa = PBXBuildFile; fileRef = E53D0CE6177445E90082B86F /* Breakpoint.cpp */; };
		E53D0CF6177445E90082B86F /* DebuggerContext.cpp in Sources */ = {isa = PBXBuildFile; fileRef = E53D0CE8177445E90082B86F /* DebuggerContext.cpp */; };
		E53D0CF7177445E90082B86F /* DebuggerContext.cpp in Sources */ = {isa = PBXBuildFile; fileRef = E53D0CE8177445E90082B86F /* DebuggerContext.cpp */; };
		E53D0CF8177445E90082B86F /* ModuleTree.cpp in Sources */ = {isa = PBXBuildFile; fileRef = E53D0CEA177445E90082B86F /* ModuleTree.cpp */; };
		E53D0CF9177445E90082B86F /* ModuleTree.cpp in Sources */ = {isa = PBXBuildFile; fileRef = E53D0CEA177445E90082B86F /* ModuleTree.cpp */; };
		E53D0CFA177445E90082B86F /* ProcessTree.cpp in Sources */ = {isa = PBXBuildFile; fileRef = E53D0CEC177445E90082B86F /* ProcessTree.cpp */; };
		E53D0CFB177445E90082B86F /* ProcessTree.cpp in Sources */ = {isa = PBXBuildFile; fileRef = E53D0CEC177445E90082B86F /* ProcessTree.cpp */; };
		E53D0CFC177445E90082B86F /* SourceView.cpp in Sources */ = {isa = PBXBuildFile; fileRef = E53D0CEE177445E90082B86F /* SourceView.cpp */; };
		E53D0CFD177445E90082B86F /* SourceView.cpp in Sources */ = {isa = PBXBuildFile; fileRef = E53D0CEE177445E90082B86F /* SourceView.cpp */; };
		E53D0CFE177445E90082B86F /* VariableNode.cpp in Sources */ = {isa = PBXBuildFile; fileRef = E53D0CF0177445E90082B86F /* VariableNode.cpp */; };
		E53D0CFF177445E90082B86F /* VariableNode.cpp in Sources */ = {isa = PBXBuildFile; fileRef = E53D0CF0177445E90082B86F /* VariableNode.cpp */; };
		E53D0D00177445E90082B86F /* Xspray.cpp in Sources */ = {isa = PBXBuildFile; fileRef = E53D0CF2177445E90082B86F /* Xspray.cpp */; };
		E53D0D01177445E90082B86F /* Xspray.cpp in Sources */ = {isa = PBXBuildFile; fileRef = E53D0CF2177445E90082B86F /* Xspray.cpp */; };
		E53D0D0417750CDC0082B86F /* iOSRemoteDebug.cpp in Sources */ = {isa = PBXBuildFile; fileRef = E53D0D0217750CDC0082B86F /* iOSRemoteDebug.cpp */; };
		E53D0D0517750CDC0082B86F /* iOSRemoteDebug.cpp in Sources */ = {isa = PBXBuildFile; fileRef = E53D0D0217750CDC0082B86F /* iOSRemoteDebug.cpp */; };
		E53D0D09177586790082B86F /* MobileDevice.framework in Frameworks */ = {isa = PBXBuildFile; fileRef = E53D0D07177585F50082B86F /* MobileDevice.framework */; };
		E53D0D0A1775869A0082B86F /* MobileDevice.framework in Frameworks */ = {isa = PBXBuildFile; fileRef = E53D0D07177585F50082B86F /* MobileDevice.framework */; };
		E562BF0817685AF70081AF35 /* LLDB.framework in CopyFiles */ = {isa = PBXBuildFile; fileRef = E50FD2FF1752B5BE00C4AA66 /* LLDB.framework */; };
		E562BF0A17685B000081AF35 /* libclang.dylib in CopyFiles */ = {isa = PBXBuildFile; fileRef = 6E04DC25176618750098D9D5 /* libclang.dylib */; };
		E562BF0B17685C600081AF35 /* LLDB.framework in Frameworks */ = {isa = PBXBuildFile; fileRef = E50FD2FF1752B5BE00C4AA66 /* LLDB.framework */; };
		E59CD16A11EA0C4000955611 /* Cocoa.framework in Frameworks */ = {isa = PBXBuildFile; fileRef = E59CD16911EA0C4000955611 /* Cocoa.framework */; };
		E5D64525120A0B92009C26A9 /* Application.cpp in Sources */ = {isa = PBXBuildFile; fileRef = 61A9DFEF0B83433800BC506C /* Application.cpp */; };
		E5D64526120A0B92009C26A9 /* MainWindow.cpp in Sources */ = {isa = PBXBuildFile; fileRef = 61A9DFF10B83433800BC506C /* MainWindow.cpp */; };
		E5D64528120A0B92009C26A9 /* CoreFoundation.framework in Frameworks */ = {isa = PBXBuildFile; fileRef = 61A9DFD30B833F1500BC506C /* CoreFoundation.framework */; };
		E5D64529120A0B92009C26A9 /* CoreServices.framework in Frameworks */ = {isa = PBXBuildFile; fileRef = 61A9DFD40B833F1500BC506C /* CoreServices.framework */; };
		E5D6452A120A0B92009C26A9 /* OpenGL.framework in Frameworks */ = {isa = PBXBuildFile; fileRef = 61A9DFD60B833F1500BC506C /* OpenGL.framework */; };
		E5D6452C120A0B92009C26A9 /* Cocoa.framework in Frameworks */ = {isa = PBXBuildFile; fileRef = E59CD16911EA0C4000955611 /* Cocoa.framework */; };
		E5D6453D120AA7D8009C26A9 /* libnui3Cocoa.a in Frameworks */ = {isa = PBXBuildFile; fileRef = E5D644FB120A01E0009C26A9 /* libnui3Cocoa.a */; };
		E5EF6FBC11E77DE8000FB337 /* Application.cpp in Sources */ = {isa = PBXBuildFile; fileRef = 61A9DFEF0B83433800BC506C /* Application.cpp */; };
		E5EF6FBD11E77DE8000FB337 /* MainWindow.cpp in Sources */ = {isa = PBXBuildFile; fileRef = 61A9DFF10B83433800BC506C /* MainWindow.cpp */; };
		E5EF6FC011E77DE8000FB337 /* CoreFoundation.framework in Frameworks */ = {isa = PBXBuildFile; fileRef = 61A9DFD30B833F1500BC506C /* CoreFoundation.framework */; };
		E5EF6FC111E77DE8000FB337 /* CoreServices.framework in Frameworks */ = {isa = PBXBuildFile; fileRef = 61A9DFD40B833F1500BC506C /* CoreServices.framework */; };
		E5EF6FC311E77DE8000FB337 /* OpenGL.framework in Frameworks */ = {isa = PBXBuildFile; fileRef = 61A9DFD60B833F1500BC506C /* OpenGL.framework */; };
		E5EF6FE511E77EA7000FB337 /* libnui3CocoaD.a in Frameworks */ = {isa = PBXBuildFile; fileRef = E5EF6FB111E77DE0000FB337 /* libnui3CocoaD.a */; };
/* End PBXBuildFile section */

/* Begin PBXContainerItemProxy section */
		BCBCB15B0DFD45B6002E8BC3 /* PBXContainerItemProxy */ = {
			isa = PBXContainerItemProxy;
			containerPortal = BCBCB1520DFD45B5002E8BC3 /* nui3.xcodeproj */;
			proxyType = 2;
			remoteGlobalIDString = E58172D80C3D103300902DFE;
			remoteInfo = nui3D;
		};
		BCBCB15D0DFD45B6002E8BC3 /* PBXContainerItemProxy */ = {
			isa = PBXContainerItemProxy;
			containerPortal = BCBCB1520DFD45B5002E8BC3 /* nui3.xcodeproj */;
			proxyType = 2;
			remoteGlobalIDString = E542A1AE0C3F0A5900225219;
			remoteInfo = nui3;
		};
		E50C19DB14B7C40D00C6C5B2 /* PBXContainerItemProxy */ = {
			isa = PBXContainerItemProxy;
			containerPortal = BCBCB1520DFD45B5002E8BC3 /* nui3.xcodeproj */;
			proxyType = 2;
			remoteGlobalIDString = E5FB9CF3147D5CEE001A1829;
			remoteInfo = minui3D;
		};
		E52420ED11CBCEBC0025CA71 /* PBXContainerItemProxy */ = {
			isa = PBXContainerItemProxy;
			containerPortal = BCBCB1520DFD45B5002E8BC3 /* nui3.xcodeproj */;
			proxyType = 2;
			remoteGlobalIDString = E52420E511CBCE9E0025CA71;
			remoteInfo = nuiPhone;
		};
		E56C84F912FD9D2B00231540 /* PBXContainerItemProxy */ = {
			isa = PBXContainerItemProxy;
			containerPortal = BCBCB1520DFD45B5002E8BC3 /* nui3.xcodeproj */;
			proxyType = 2;
			remoteGlobalIDString = 73F086E612E9BA0700656E84;
			remoteInfo = nuiPhone_arm7;
		};
		E56C84FB12FD9D2B00231540 /* PBXContainerItemProxy */ = {
			isa = PBXContainerItemProxy;
			containerPortal = BCBCB1520DFD45B5002E8BC3 /* nui3.xcodeproj */;
			proxyType = 2;
			remoteGlobalIDString = 73F09AC312E9D09E00656E84;
			remoteInfo = thirdparty_ios_arm7;
		};
		E5A630D411CA7CCD00446489 /* PBXContainerItemProxy */ = {
			isa = PBXContainerItemProxy;
			containerPortal = BCBCB1520DFD45B5002E8BC3 /* nui3.xcodeproj */;
			proxyType = 2;
			remoteGlobalIDString = E5A626F311CA240100446489;
			remoteInfo = nuiPhoneD;
		};
		E5D4E8E512E4A9000001A86F /* PBXContainerItemProxy */ = {
			isa = PBXContainerItemProxy;
			containerPortal = BCBCB1520DFD45B5002E8BC3 /* nui3.xcodeproj */;
			proxyType = 2;
			remoteGlobalIDString = E5DD3FF412E0B08300F1EF4E;
			remoteInfo = thirdparty_ios;
		};
		E5D644FA120A01E0009C26A9 /* PBXContainerItemProxy */ = {
			isa = PBXContainerItemProxy;
			containerPortal = BCBCB1520DFD45B5002E8BC3 /* nui3.xcodeproj */;
			proxyType = 2;
			remoteGlobalIDString = E5D643E51209AB9C009C26A9;
			remoteInfo = nui3Cocoa;
		};
		E5D64534120A0BA3009C26A9 /* PBXContainerItemProxy */ = {
			isa = PBXContainerItemProxy;
			containerPortal = BCBCB1520DFD45B5002E8BC3 /* nui3.xcodeproj */;
			proxyType = 1;
			remoteGlobalIDString = E5D63EBB1209AB9C009C26A9;
			remoteInfo = nui3Cocoa;
		};
		E5DD348312E0A30100F1EF4E /* PBXContainerItemProxy */ = {
			isa = PBXContainerItemProxy;
			containerPortal = BCBCB1520DFD45B5002E8BC3 /* nui3.xcodeproj */;
			proxyType = 2;
			remoteGlobalIDString = E5DD341012E09CA800F1EF4E;
			remoteInfo = thirdparty;
		};
		E5EF6FB011E77DE0000FB337 /* PBXContainerItemProxy */ = {
			isa = PBXContainerItemProxy;
			containerPortal = BCBCB1520DFD45B5002E8BC3 /* nui3.xcodeproj */;
			proxyType = 2;
			remoteGlobalIDString = E5A8D1D311E33A54004E14CE;
			remoteInfo = nui3CocoaD;
		};
		E5EF6FCB11E77E22000FB337 /* PBXContainerItemProxy */ = {
			isa = PBXContainerItemProxy;
			containerPortal = BCBCB1520DFD45B5002E8BC3 /* nui3.xcodeproj */;
			proxyType = 1;
			remoteGlobalIDString = E5A8CCAE11E33A54004E14CE;
			remoteInfo = nui3CocoaD;
		};
/* End PBXContainerItemProxy section */

/* Begin PBXCopyFilesBuildPhase section */
		E51438101766379C00DE52E4 /* CopyFiles */ = {
			isa = PBXCopyFilesBuildPhase;
			buildActionMask = 2147483647;
			dstPath = "";
			dstSubfolderSpec = 10;
			files = (
				E5143811176637A400DE52E4 /* libclang.dylib in CopyFiles */,
			);
			runOnlyForDeploymentPostprocessing = 0;
		};
		E562BF0717685AE70081AF35 /* CopyFiles */ = {
			isa = PBXCopyFilesBuildPhase;
			buildActionMask = 2147483647;
			dstPath = "";
			dstSubfolderSpec = 10;
			files = (
				E562BF0817685AF70081AF35 /* LLDB.framework in CopyFiles */,
			);
			runOnlyForDeploymentPostprocessing = 0;
		};
		E562BF0917685AFA0081AF35 /* CopyFiles */ = {
			isa = PBXCopyFilesBuildPhase;
			buildActionMask = 2147483647;
			dstPath = "";
			dstSubfolderSpec = 6;
			files = (
				E562BF0A17685B000081AF35 /* libclang.dylib in CopyFiles */,
			);
			runOnlyForDeploymentPostprocessing = 0;
		};
		E5CA921B16F6011800B3A81D /* CopyFiles */ = {
			isa = PBXCopyFilesBuildPhase;
			buildActionMask = 2147483647;
			dstPath = "";
			dstSubfolderSpec = 10;
			files = (
				E50FD30A1752C0D100C4AA66 /* LLDB.framework in CopyFiles */,
			);
			runOnlyForDeploymentPostprocessing = 0;
		};
/* End PBXCopyFilesBuildPhase section */

/* Begin PBXFileReference section */
		61A9DFD20B833F1500BC506C /* AGL.framework */ = {isa = PBXFileReference; lastKnownFileType = wrapper.framework; name = AGL.framework; path = /System/Library/Frameworks/AGL.framework; sourceTree = "<absolute>"; };
		61A9DFD30B833F1500BC506C /* CoreFoundation.framework */ = {isa = PBXFileReference; lastKnownFileType = wrapper.framework; name = CoreFoundation.framework; path = /System/Library/Frameworks/CoreFoundation.framework; sourceTree = "<absolute>"; };
		61A9DFD40B833F1500BC506C /* CoreServices.framework */ = {isa = PBXFileReference; lastKnownFileType = wrapper.framework; name = CoreServices.framework; path = /System/Library/Frameworks/CoreServices.framework; sourceTree = "<absolute>"; };
		61A9DFD50B833F1500BC506C /* Carbon.framework */ = {isa = PBXFileReference; lastKnownFileType = wrapper.framework; name = Carbon.framework; path = /System/Library/Frameworks/Carbon.framework; sourceTree = "<absolute>"; };
		61A9DFD60B833F1500BC506C /* OpenGL.framework */ = {isa = PBXFileReference; lastKnownFileType = wrapper.framework; name = OpenGL.framework; path = /System/Library/Frameworks/OpenGL.framework; sourceTree = "<absolute>"; };
		61A9DFEF0B83433800BC506C /* Application.cpp */ = {isa = PBXFileReference; fileEncoding = 30; lastKnownFileType = sourcecode.cpp.cpp; name = Application.cpp; path = src/Application.cpp; sourceTree = "<group>"; };
		61A9DFF00B83433800BC506C /* Application.h */ = {isa = PBXFileReference; fileEncoding = 30; lastKnownFileType = sourcecode.c.h; name = Application.h; path = src/Application.h; sourceTree = "<group>"; };
		61A9DFF10B83433800BC506C /* MainWindow.cpp */ = {isa = PBXFileReference; fileEncoding = 30; lastKnownFileType = sourcecode.cpp.cpp; name = MainWindow.cpp; path = src/MainWindow.cpp; sourceTree = "<group>"; };
		61A9DFF20B83433800BC506C /* MainWindow.h */ = {isa = PBXFileReference; fileEncoding = 30; lastKnownFileType = sourcecode.c.h; name = MainWindow.h; path = src/MainWindow.h; sourceTree = "<group>"; };
		6E04DC25176618750098D9D5 /* libclang.dylib */ = {isa = PBXFileReference; lastKnownFileType = "compiled.mach-o.dylib"; name = libclang.dylib; path = "../llvm/tools/lldb/llvm-build/Release/x86_64/Release/lib/libclang.dylib"; sourceTree = SOURCE_ROOT; };
		6E37ABC016AD884700C333A4 /* WebKit.framework */ = {isa = PBXFileReference; lastKnownFileType = wrapper.framework; name = WebKit.framework; path = System/Library/Frameworks/WebKit.framework; sourceTree = SDKROOT; };
		BCBCB1520DFD45B5002E8BC3 /* nui3.xcodeproj */ = {isa = PBXFileReference; lastKnownFileType = "wrapper.pb-project"; name = nui3.xcodeproj; path = ../nui3/nui3.xcodeproj; sourceTree = SOURCE_ROOT; };
		E50FD2FF1752B5BE00C4AA66 /* LLDB.framework */ = {isa = PBXFileReference; lastKnownFileType = wrapper.framework; name = LLDB.framework; path = ../Release/LLDB.framework; sourceTree = BUILT_PRODUCTS_DIR; };
		E50FD30D17534D9900C4AA66 /* LLDB Python API */ = {isa = PBXFileReference; lastKnownFileType = text; path = "LLDB Python API"; sourceTree = "<group>"; };
		E53D0CE6177445E90082B86F /* Breakpoint.cpp */ = {isa = PBXFileReference; fileEncoding = 4; lastKnownFileType = sourcecode.cpp.cpp; name = Breakpoint.cpp; path = src/Xspray/Breakpoint.cpp; sourceTree = "<group>"; };
		E53D0CE7177445E90082B86F /* Breakpoint.h */ = {isa = PBXFileReference; fileEncoding = 4; lastKnownFileType = sourcecode.c.h; name = Breakpoint.h; path = src/Xspray/Breakpoint.h; sourceTree = "<group>"; };
		E53D0CE8177445E90082B86F /* DebuggerContext.cpp */ = {isa = PBXFileReference; fileEncoding = 4; lastKnownFileType = sourcecode.cpp.cpp; name = DebuggerContext.cpp; path = src/Xspray/DebuggerContext.cpp; sourceTree = "<group>"; };
		E53D0CE9177445E90082B86F /* DebuggerContext.h */ = {isa = PBXFileReference; fileEncoding = 4; lastKnownFileType = sourcecode.c.h; name = DebuggerContext.h; path = src/Xspray/DebuggerContext.h; sourceTree = "<group>"; };
		E53D0CEA177445E90082B86F /* ModuleTree.cpp */ = {isa = PBXFileReference; fileEncoding = 4; lastKnownFileType = sourcecode.cpp.cpp; name = ModuleTree.cpp; path = src/Xspray/ModuleTree.cpp; sourceTree = "<group>"; };
		E53D0CEB177445E90082B86F /* ModuleTree.h */ = {isa = PBXFileReference; fileEncoding = 4; lastKnownFileType = sourcecode.c.h; name = ModuleTree.h; path = src/Xspray/ModuleTree.h; sourceTree = "<group>"; };
		E53D0CEC177445E90082B86F /* ProcessTree.cpp */ = {isa = PBXFileReference; fileEncoding = 4; lastKnownFileType = sourcecode.cpp.cpp; name = ProcessTree.cpp; path = src/Xspray/ProcessTree.cpp; sourceTree = "<group>"; };
		E53D0CED177445E90082B86F /* ProcessTree.h */ = {isa = PBXFileReference; fileEncoding = 4; lastKnownFileType = sourcecode.c.h; name = ProcessTree.h; path = src/Xspray/ProcessTree.h; sourceTree = "<group>"; };
		E53D0CEE177445E90082B86F /* SourceView.cpp */ = {isa = PBXFileReference; fileEncoding = 4; lastKnownFileType = sourcecode.cpp.cpp; name = SourceView.cpp; path = src/Xspray/SourceView.cpp; sourceTree = "<group>"; };
		E53D0CEF177445E90082B86F /* SourceView.h */ = {isa = PBXFileReference; fileEncoding = 4; lastKnownFileType = sourcecode.c.h; name = SourceView.h; path = src/Xspray/SourceView.h; sourceTree = "<group>"; };
		E53D0CF0177445E90082B86F /* VariableNode.cpp */ = {isa = PBXFileReference; fileEncoding = 4; lastKnownFileType = sourcecode.cpp.cpp; name = VariableNode.cpp; path = src/Xspray/VariableNode.cpp; sourceTree = "<group>"; };
		E53D0CF1177445E90082B86F /* VariableNode.h */ = {isa = PBXFileReference; fileEncoding = 4; lastKnownFileType = sourcecode.c.h; name = VariableNode.h; path = src/Xspray/VariableNode.h; sourceTree = "<group>"; };
		E53D0CF2177445E90082B86F /* Xspray.cpp */ = {isa = PBXFileReference; fileEncoding = 4; lastKnownFileType = sourcecode.cpp.cpp; name = Xspray.cpp; path = src/Xspray/Xspray.cpp; sourceTree = "<group>"; };
		E53D0CF3177445E90082B86F /* Xspray.h */ = {isa = PBXFileReference; fileEncoding = 4; lastKnownFileType = sourcecode.c.h; name = Xspray.h; path = src/Xspray/Xspray.h; sourceTree = "<group>"; };
		E53D0D0217750CDC0082B86F /* iOSRemoteDebug.cpp */ = {isa = PBXFileReference; fileEncoding = 4; lastKnownFileType = sourcecode.cpp.cpp; name = iOSRemoteDebug.cpp; path = src/Xspray/iOSRemoteDebug.cpp; sourceTree = "<group>"; };
		E53D0D0317750CDC0082B86F /* iOSRemoteDebug.h */ = {isa = PBXFileReference; fileEncoding = 4; lastKnownFileType = sourcecode.c.h; name = iOSRemoteDebug.h; path = src/Xspray/iOSRemoteDebug.h; sourceTree = "<group>"; };
		E53D0D0617750E350082B86F /* MobileDevice.h */ = {isa = PBXFileReference; fileEncoding = 4; lastKnownFileType = sourcecode.c.h; name = MobileDevice.h; path = src/Xspray/MobileDevice.h; sourceTree = "<group>"; };
		E53D0D07177585F50082B86F /* MobileDevice.framework */ = {isa = PBXFileReference; lastKnownFileType = wrapper.framework; name = MobileDevice.framework; path = /System/Library/PrivateFrameworks/MobileDevice.framework; sourceTree = "<absolute>"; };
		E59CD16911EA0C4000955611 /* Cocoa.framework */ = {isa = PBXFileReference; lastKnownFileType = wrapper.framework; name = Cocoa.framework; path = /System/Library/Frameworks/Cocoa.framework; sourceTree = "<absolute>"; };
		E59CD30011EA94A000955611 /* Info.plist */ = {isa = PBXFileReference; fileEncoding = 4; lastKnownFileType = text.plist.xml; path = Info.plist; sourceTree = SOURCE_ROOT; };
		E5C5912216722BA500BAEDE4 /* resources */ = {isa = PBXFileReference; lastKnownFileType = folder; path = resources; sourceTree = "<group>"; };
		E5CA922316F62CB200B3A81D /* Xspray.entitlements */ = {isa = PBXFileReference; lastKnownFileType = text.xml; path = Xspray.entitlements; sourceTree = "<group>"; };
		E5D64530120A0B92009C26A9 /* Xspray.app */ = {isa = PBXFileReference; explicitFileType = wrapper.application; includeInIndex = 0; path = Xspray.app; sourceTree = BUILT_PRODUCTS_DIR; };
		E5EF6FC811E77DE8000FB337 /* XsprayD.app */ = {isa = PBXFileReference; explicitFileType = wrapper.application; includeInIndex = 0; path = XsprayD.app; sourceTree = BUILT_PRODUCTS_DIR; };
/* End PBXFileReference section */

/* Begin PBXFrameworksBuildPhase section */
		E5D64527120A0B92009C26A9 /* Frameworks */ = {
			isa = PBXFrameworksBuildPhase;
			buildActionMask = 2147483647;
			files = (
				E514380F1766377900DE52E4 /* libclang.dylib in Frameworks */,
				E562BF0B17685C600081AF35 /* LLDB.framework in Frameworks */,
				E5D64528120A0B92009C26A9 /* CoreFoundation.framework in Frameworks */,
				E5D64529120A0B92009C26A9 /* CoreServices.framework in Frameworks */,
				E5D6452A120A0B92009C26A9 /* OpenGL.framework in Frameworks */,
				E5D6453D120AA7D8009C26A9 /* libnui3Cocoa.a in Frameworks */,
				E5D6452C120A0B92009C26A9 /* Cocoa.framework in Frameworks */,
				E53D0D0A1775869A0082B86F /* MobileDevice.framework in Frameworks */,
			);
			runOnlyForDeploymentPostprocessing = 0;
		};
		E5EF6FBE11E77DE8000FB337 /* Frameworks */ = {
			isa = PBXFrameworksBuildPhase;
			buildActionMask = 2147483647;
			files = (
				E53D0D09177586790082B86F /* MobileDevice.framework in Frameworks */,
				6E04DC26176618750098D9D5 /* libclang.dylib in Frameworks */,
				E50FD30B1752C0E700C4AA66 /* LLDB.framework in Frameworks */,
				E5EF6FC011E77DE8000FB337 /* CoreFoundation.framework in Frameworks */,
				E5EF6FC111E77DE8000FB337 /* CoreServices.framework in Frameworks */,
				E5EF6FC311E77DE8000FB337 /* OpenGL.framework in Frameworks */,
				E5EF6FE511E77EA7000FB337 /* libnui3CocoaD.a in Frameworks */,
				E59CD16A11EA0C4000955611 /* Cocoa.framework in Frameworks */,
			);
			runOnlyForDeploymentPostprocessing = 0;
		};
/* End PBXFrameworksBuildPhase section */

/* Begin PBXGroup section */
		61A9DE3D0B833C9200BC506C = {
			isa = PBXGroup;
			children = (
				E53D0D07177585F50082B86F /* MobileDevice.framework */,
				E5CA922316F62CB200B3A81D /* Xspray.entitlements */,
				E50FD30D17534D9900C4AA66 /* LLDB Python API */,
				E5C5912216722BA500BAEDE4 /* resources */,
				61A9DE4A0B833CD000BC506C /* sources */,
				61A9DE490B833CB000BC506C /* dependencies */,
				61A9DFB50B833DE500BC506C /* Products */,
			);
			sourceTree = "<group>";
		};
		61A9DE490B833CB000BC506C /* dependencies */ = {
			isa = PBXGroup;
			children = (
				6E04DC25176618750098D9D5 /* libclang.dylib */,
				E5F8FA2F16F4C5B300563A78 /* Frameworks */,
				BCBCB1520DFD45B5002E8BC3 /* nui3.xcodeproj */,
				E59CD30011EA94A000955611 /* Info.plist */,
			);
			name = dependencies;
			sourceTree = "<group>";
		};
		61A9DE4A0B833CD000BC506C /* sources */ = {
			isa = PBXGroup;
			children = (
				E53D0CE5177445DA0082B86F /* Xspray */,
				61A9DFEF0B83433800BC506C /* Application.cpp */,
				61A9DFF00B83433800BC506C /* Application.h */,
				61A9DFF10B83433800BC506C /* MainWindow.cpp */,
				61A9DFF20B83433800BC506C /* MainWindow.h */,
			);
			name = sources;
			sourceTree = "<group>";
		};
		61A9DFB50B833DE500BC506C /* Products */ = {
			isa = PBXGroup;
			children = (
				E5EF6FC811E77DE8000FB337 /* XsprayD.app */,
				E5D64530120A0B92009C26A9 /* Xspray.app */,
			);
			name = Products;
			sourceTree = "<group>";
		};
		BCBCB1530DFD45B5002E8BC3 /* Products */ = {
			isa = PBXGroup;
			children = (
				BCBCB15C0DFD45B6002E8BC3 /* libnui3D.a */,
				BCBCB15E0DFD45B6002E8BC3 /* libnui3.a */,
				E5A630D511CA7CCD00446489 /* libnuiPhoneD.a */,
				E52420EE11CBCEBC0025CA71 /* libnuiPhone.a */,
				E56C84FA12FD9D2B00231540 /* libnuiPhone_arm7.a */,
				E5EF6FB111E77DE0000FB337 /* libnui3CocoaD.a */,
				E5D644FB120A01E0009C26A9 /* libnui3Cocoa.a */,
				E5DD348412E0A30100F1EF4E /* libthirdparty.a */,
				E5D4E8E612E4A9000001A86F /* libthirdparty_ios.a */,
				E56C84FC12FD9D2B00231540 /* libthirdparty_ios_arm7.a */,
				E50C19DC14B7C40D00C6C5B2 /* libminui3D.a */,
			);
			name = Products;
			sourceTree = "<group>";
		};
		E53D0CE5177445DA0082B86F /* Xspray */ = {
			isa = PBXGroup;
			children = (
				E53D0CE6177445E90082B86F /* Breakpoint.cpp */,
				E53D0CE7177445E90082B86F /* Breakpoint.h */,
				E53D0CE8177445E90082B86F /* DebuggerContext.cpp */,
				E53D0CE9177445E90082B86F /* DebuggerContext.h */,
				E53D0CEA177445E90082B86F /* ModuleTree.cpp */,
				E53D0CEB177445E90082B86F /* ModuleTree.h */,
				E53D0CEC177445E90082B86F /* ProcessTree.cpp */,
				E53D0CED177445E90082B86F /* ProcessTree.h */,
				E53D0CEE177445E90082B86F /* SourceView.cpp */,
				E53D0CEF177445E90082B86F /* SourceView.h */,
				E53D0CF0177445E90082B86F /* VariableNode.cpp */,
				E53D0CF1177445E90082B86F /* VariableNode.h */,
				E53D0CF2177445E90082B86F /* Xspray.cpp */,
				E53D0CF3177445E90082B86F /* Xspray.h */,
				E53D0D0217750CDC0082B86F /* iOSRemoteDebug.cpp */,
				E53D0D0317750CDC0082B86F /* iOSRemoteDebug.h */,
				E53D0D0617750E350082B86F /* MobileDevice.h */,
			);
			name = Xspray;
			sourceTree = "<group>";
		};
		E5F8FA2F16F4C5B300563A78 /* Frameworks */ = {
			isa = PBXGroup;
			children = (
				E50FD2FF1752B5BE00C4AA66 /* LLDB.framework */,
				6E37ABC016AD884700C333A4 /* WebKit.framework */,
				61A9DFD20B833F1500BC506C /* AGL.framework */,
				61A9DFD30B833F1500BC506C /* CoreFoundation.framework */,
				61A9DFD40B833F1500BC506C /* CoreServices.framework */,
				61A9DFD50B833F1500BC506C /* Carbon.framework */,
				61A9DFD60B833F1500BC506C /* OpenGL.framework */,
				E59CD16911EA0C4000955611 /* Cocoa.framework */,
			);
			name = Frameworks;
			sourceTree = "<group>";
		};
/* End PBXGroup section */

/* Begin PBXNativeTarget section */
		E5D64521120A0B92009C26A9 /* Xspray OSX */ = {
			isa = PBXNativeTarget;
			buildConfigurationList = E5D6452E120A0B92009C26A9 /* Build configuration list for PBXNativeTarget "Xspray OSX" */;
			buildPhases = (
				E5D64524120A0B92009C26A9 /* Sources */,
				E5D64527120A0B92009C26A9 /* Frameworks */,
				E5D6452D120A0B92009C26A9 /* Copy Resources Script */,
				E562BF0717685AE70081AF35 /* CopyFiles */,
				E562BF0917685AFA0081AF35 /* CopyFiles */,
			);
			buildRules = (
			);
			dependencies = (
				E5D64535120A0BA3009C26A9 /* PBXTargetDependency */,
			);
			name = "Xspray OSX";
			productName = Tempd;
			productReference = E5D64530120A0B92009C26A9 /* Xspray.app */;
			productType = "com.apple.product-type.application";
		};
		E5EF6FB811E77DE8000FB337 /* XsprayD OSX */ = {
			isa = PBXNativeTarget;
			buildConfigurationList = E5EF6FC611E77DE8000FB337 /* Build configuration list for PBXNativeTarget "XsprayD OSX" */;
			buildPhases = (
				E5EF6FBB11E77DE8000FB337 /* Sources */,
				E5EF6FBE11E77DE8000FB337 /* Frameworks */,
				E5EF6FC511E77DE8000FB337 /* Copy Resources Script */,
				E5CA921B16F6011800B3A81D /* CopyFiles */,
				E51438101766379C00DE52E4 /* CopyFiles */,
			);
			buildRules = (
			);
			dependencies = (
				E5EF6FCC11E77E22000FB337 /* PBXTargetDependency */,
			);
			name = "XsprayD OSX";
			productName = Tempd;
			productReference = E5EF6FC811E77DE8000FB337 /* XsprayD.app */;
			productType = "com.apple.product-type.application";
		};
/* End PBXNativeTarget section */

/* Begin PBXProject section */
		61A9DE3F0B833C9200BC506C /* Project object */ = {
			isa = PBXProject;
			attributes = {
				LastUpgradeCheck = 0460;
			};
			buildConfigurationList = 61A9DE400B833C9200BC506C /* Build configuration list for PBXProject "Xspray" */;
			compatibilityVersion = "Xcode 3.2";
			developmentRegion = English;
			hasScannedForEncodings = 0;
			knownRegions = (
				en,
			);
			mainGroup = 61A9DE3D0B833C9200BC506C;
			productRefGroup = 61A9DFB50B833DE500BC506C /* Products */;
			projectDirPath = "";
			projectReferences = (
				{
					ProductGroup = BCBCB1530DFD45B5002E8BC3 /* Products */;
					ProjectRef = BCBCB1520DFD45B5002E8BC3 /* nui3.xcodeproj */;
				},
			);
			projectRoot = "";
			targets = (
				E5EF6FB811E77DE8000FB337 /* XsprayD OSX */,
				E5D64521120A0B92009C26A9 /* Xspray OSX */,
			);
		};
/* End PBXProject section */

/* Begin PBXReferenceProxy section */
		BCBCB15C0DFD45B6002E8BC3 /* libnui3D.a */ = {
			isa = PBXReferenceProxy;
			fileType = archive.ar;
			path = libnui3D.a;
			remoteRef = BCBCB15B0DFD45B6002E8BC3 /* PBXContainerItemProxy */;
			sourceTree = BUILT_PRODUCTS_DIR;
		};
		BCBCB15E0DFD45B6002E8BC3 /* libnui3.a */ = {
			isa = PBXReferenceProxy;
			fileType = archive.ar;
			path = libnui3.a;
			remoteRef = BCBCB15D0DFD45B6002E8BC3 /* PBXContainerItemProxy */;
			sourceTree = BUILT_PRODUCTS_DIR;
		};
		E50C19DC14B7C40D00C6C5B2 /* libminui3D.a */ = {
			isa = PBXReferenceProxy;
			fileType = archive.ar;
			path = libminui3D.a;
			remoteRef = E50C19DB14B7C40D00C6C5B2 /* PBXContainerItemProxy */;
			sourceTree = BUILT_PRODUCTS_DIR;
		};
		E52420EE11CBCEBC0025CA71 /* libnuiPhone.a */ = {
			isa = PBXReferenceProxy;
			fileType = archive.ar;
			path = libnuiPhone.a;
			remoteRef = E52420ED11CBCEBC0025CA71 /* PBXContainerItemProxy */;
			sourceTree = BUILT_PRODUCTS_DIR;
		};
		E56C84FA12FD9D2B00231540 /* libnuiPhone_arm7.a */ = {
			isa = PBXReferenceProxy;
			fileType = archive.ar;
			path = libnuiPhone_arm7.a;
			remoteRef = E56C84F912FD9D2B00231540 /* PBXContainerItemProxy */;
			sourceTree = BUILT_PRODUCTS_DIR;
		};
		E56C84FC12FD9D2B00231540 /* libthirdparty_ios_arm7.a */ = {
			isa = PBXReferenceProxy;
			fileType = archive.ar;
			path = libthirdparty_ios_arm7.a;
			remoteRef = E56C84FB12FD9D2B00231540 /* PBXContainerItemProxy */;
			sourceTree = BUILT_PRODUCTS_DIR;
		};
		E5A630D511CA7CCD00446489 /* libnuiPhoneD.a */ = {
			isa = PBXReferenceProxy;
			fileType = archive.ar;
			path = libnuiPhoneD.a;
			remoteRef = E5A630D411CA7CCD00446489 /* PBXContainerItemProxy */;
			sourceTree = BUILT_PRODUCTS_DIR;
		};
		E5D4E8E612E4A9000001A86F /* libthirdparty_ios.a */ = {
			isa = PBXReferenceProxy;
			fileType = archive.ar;
			path = libthirdparty_ios.a;
			remoteRef = E5D4E8E512E4A9000001A86F /* PBXContainerItemProxy */;
			sourceTree = BUILT_PRODUCTS_DIR;
		};
		E5D644FB120A01E0009C26A9 /* libnui3Cocoa.a */ = {
			isa = PBXReferenceProxy;
			fileType = archive.ar;
			path = libnui3Cocoa.a;
			remoteRef = E5D644FA120A01E0009C26A9 /* PBXContainerItemProxy */;
			sourceTree = BUILT_PRODUCTS_DIR;
		};
		E5DD348412E0A30100F1EF4E /* libthirdparty.a */ = {
			isa = PBXReferenceProxy;
			fileType = archive.ar;
			path = libthirdparty.a;
			remoteRef = E5DD348312E0A30100F1EF4E /* PBXContainerItemProxy */;
			sourceTree = BUILT_PRODUCTS_DIR;
		};
		E5EF6FB111E77DE0000FB337 /* libnui3CocoaD.a */ = {
			isa = PBXReferenceProxy;
			fileType = archive.ar;
			path = libnui3CocoaD.a;
			remoteRef = E5EF6FB011E77DE0000FB337 /* PBXContainerItemProxy */;
			sourceTree = BUILT_PRODUCTS_DIR;
		};
/* End PBXReferenceProxy section */

/* Begin PBXShellScriptBuildPhase section */
		E5D6452D120A0B92009C26A9 /* Copy Resources Script */ = {
			isa = PBXShellScriptBuildPhase;
			buildActionMask = 2147483647;
			files = (
			);
			inputPaths = (
			);
			name = "Copy Resources Script";
			outputPaths = (
			);
			runOnlyForDeploymentPostprocessing = 0;
			shellPath = /bin/sh;
			shellScript = "rsync -rC ./resources/ --exclude \".*\" \"$BUILT_PRODUCTS_DIR/$UNLOCALIZED_RESOURCES_FOLDER_PATH\"\n../nui3/tools/make_rc.py resources resource.rc\necho 0 ICON \\\"resources/icon.ico\\\" >> resource.rc\n";
		};
		E5EF6FC511E77DE8000FB337 /* Copy Resources Script */ = {
			isa = PBXShellScriptBuildPhase;
			buildActionMask = 2147483647;
			files = (
			);
			inputPaths = (
			);
			name = "Copy Resources Script";
			outputPaths = (
			);
			runOnlyForDeploymentPostprocessing = 0;
			shellPath = /bin/sh;
			shellScript = "rsync -rC ./resources/ --exclude \".*\" \"$BUILT_PRODUCTS_DIR/$UNLOCALIZED_RESOURCES_FOLDER_PATH\"\n../nui3/tools/make_rc.py resources resource.rc\necho 0 ICON \\\"resources/icon.ico\\\" >> resource.rc\n";
		};
/* End PBXShellScriptBuildPhase section */

/* Begin PBXSourcesBuildPhase section */
		E5D64524120A0B92009C26A9 /* Sources */ = {
			isa = PBXSourcesBuildPhase;
			buildActionMask = 2147483647;
			files = (
				E5D64525120A0B92009C26A9 /* Application.cpp in Sources */,
				E5D64526120A0B92009C26A9 /* MainWindow.cpp in Sources */,
				E53D0CF5177445E90082B86F /* Breakpoint.cpp in Sources */,
				E53D0CF7177445E90082B86F /* DebuggerContext.cpp in Sources */,
				E53D0CF9177445E90082B86F /* ModuleTree.cpp in Sources */,
				E53D0CFB177445E90082B86F /* ProcessTree.cpp in Sources */,
				E53D0CFD177445E90082B86F /* SourceView.cpp in Sources */,
				E53D0CFF177445E90082B86F /* VariableNode.cpp in Sources */,
				E53D0D01177445E90082B86F /* Xspray.cpp in Sources */,
				E53D0D0517750CDC0082B86F /* iOSRemoteDebug.cpp in Sources */,
			);
			runOnlyForDeploymentPostprocessing = 0;
		};
		E5EF6FBB11E77DE8000FB337 /* Sources */ = {
			isa = PBXSourcesBuildPhase;
			buildActionMask = 2147483647;
			files = (
				E5EF6FBC11E77DE8000FB337 /* Application.cpp in Sources */,
				E5EF6FBD11E77DE8000FB337 /* MainWindow.cpp in Sources */,
				E53D0CF4177445E90082B86F /* Breakpoint.cpp in Sources */,
				E53D0CF6177445E90082B86F /* DebuggerContext.cpp in Sources */,
				E53D0CF8177445E90082B86F /* ModuleTree.cpp in Sources */,
				E53D0CFA177445E90082B86F /* ProcessTree.cpp in Sources */,
				E53D0CFC177445E90082B86F /* SourceView.cpp in Sources */,
				E53D0CFE177445E90082B86F /* VariableNode.cpp in Sources */,
				E53D0D00177445E90082B86F /* Xspray.cpp in Sources */,
				E53D0D0417750CDC0082B86F /* iOSRemoteDebug.cpp in Sources */,
			);
			runOnlyForDeploymentPostprocessing = 0;
		};
/* End PBXSourcesBuildPhase section */

/* Begin PBXTargetDependency section */
		E5D64535120A0BA3009C26A9 /* PBXTargetDependency */ = {
			isa = PBXTargetDependency;
			name = nui3Cocoa;
			targetProxy = E5D64534120A0BA3009C26A9 /* PBXContainerItemProxy */;
		};
		E5EF6FCC11E77E22000FB337 /* PBXTargetDependency */ = {
			isa = PBXTargetDependency;
			name = nui3CocoaD;
			targetProxy = E5EF6FCB11E77E22000FB337 /* PBXContainerItemProxy */;
		};
/* End PBXTargetDependency section */

/* Begin XCBuildConfiguration section */
		61A9DE410B833C9200BC506C /* Default */ = {
			isa = XCBuildConfiguration;
			buildSettings = {
				CLANG_CXX_LANGUAGE_STANDARD = "c++0x";
				CLANG_CXX_LIBRARY = "libc++";
				COPY_PHASE_STRIP = NO;
				DEBUG_INFORMATION_FORMAT = dwarf;
				FRAMEWORK_SEARCH_PATHS = $CONFIGURATION_BUILD_DIR/../Release;
				GCC_C_LANGUAGE_STANDARD = c99;
				GCC_PRECOMPILE_PREFIX_HEADER = YES;
				GCC_PREFIX_HEADER = src/Xspray/Xspray.h;
				HEADER_SEARCH_PATHS = (
					../nui3/include,
					../llvm/tools/clang/include,
				);
				INFOPLIST_FILE = Info.plist;
				LD_RUNPATH_SEARCH_PATHS = "@executable_path/../Frameworks";
				LIBRARY_SEARCH_PATHS = (
					"$(inherited)",
					"\"$(SRCROOT)/../llvm/tools/lldb/llvm-build/Release/x86_64/Release/lib\"",
				);
				MACOSX_DEPLOYMENT_TARGET = 10.7;
				OTHER_LDFLAGS = (
					"-lz",
					"-liconv",
				);
			};
			name = Default;
		};
		E5D6452F120A0B92009C26A9 /* Default */ = {
			isa = XCBuildConfiguration;
			buildSettings = {
				ARCHS = "$(ARCHS_STANDARD_64_BIT)";
				CODE_SIGN_ENTITLEMENTS = Xspray.entitlements;
				CODE_SIGN_IDENTITY = "Mac Developer";
				COMBINE_HIDPI_IMAGES = YES;
				COPY_PHASE_STRIP = NO;
				FRAMEWORK_SEARCH_PATHS = (
					"$(inherited)",
					"\"$(SYSTEM_LIBRARY_DIR)/PrivateFrameworks\"",
				);
				GCC_DYNAMIC_NO_PIC = NO;
				GCC_GENERATE_DEBUGGING_SYMBOLS = YES;
				GCC_INLINES_ARE_PRIVATE_EXTERN = NO;
				GCC_INPUT_FILETYPE = sourcecode.cpp.objcpp;
				GCC_OPTIMIZATION_LEVEL = s;
				GCC_PREPROCESSOR_DEFINITIONS = _COCOA_;
				GCC_SYMBOLS_PRIVATE_EXTERN = NO;
				INSTALL_PATH = "$(HOME)/Applications";
				PRODUCT_NAME = Xspray;
				PROVISIONING_PROFILE = "";
				WARNING_CFLAGS = (
					"-Wmost",
					"-Wno-four-char-constants",
					"-Wno-unknown-pragmas",
				);
				WRAPPER_EXTENSION = app;
			};
			name = Default;
		};
		E5EF6FC711E77DE8000FB337 /* Default */ = {
			isa = XCBuildConfiguration;
			buildSettings = {
				ARCHS = "$(ARCHS_STANDARD_64_BIT)";
				CODE_SIGN_IDENTITY = "Mac Developer";
				COMBINE_HIDPI_IMAGES = YES;
				FRAMEWORK_SEARCH_PATHS = (
					"$(inherited)",
					"\"$(SYSTEM_LIBRARY_DIR)/PrivateFrameworks\"",
				);
				GCC_DYNAMIC_NO_PIC = NO;
				GCC_GENERATE_DEBUGGING_SYMBOLS = YES;
				GCC_INLINES_ARE_PRIVATE_EXTERN = NO;
				GCC_INPUT_FILETYPE = sourcecode.cpp.objcpp;
				GCC_OPTIMIZATION_LEVEL = 0;
				GCC_PREPROCESSOR_DEFINITIONS = (
					_COCOA_,
					_DEBUG,
				);
				GCC_SYMBOLS_PRIVATE_EXTERN = NO;
				INSTALL_PATH = "$(HOME)/Applications";
				PRODUCT_NAME = XsprayD;
				WARNING_CFLAGS = (
					"-Wmost",
					"-Wno-four-char-constants",
					"-Wno-unknown-pragmas",
				);
				WRAPPER_EXTENSION = app;
			};
			name = Default;
		};
/* End XCBuildConfiguration section */

/* Begin XCConfigurationList section */
		61A9DE400B833C9200BC506C /* Build configuration list for PBXProject "Xspray" */ = {
			isa = XCConfigurationList;
			buildConfigurations = (
				61A9DE410B833C9200BC506C /* Default */,
			);
			defaultConfigurationIsVisible = 0;
			defaultConfigurationName = Default;
		};
		E5D6452E120A0B92009C26A9 /* Build configuration list for PBXNativeTarget "Xspray OSX" */ = {
			isa = XCConfigurationList;
			buildConfigurations = (
				E5D6452F120A0B92009C26A9 /* Default */,
			);
			defaultConfigurationIsVisible = 0;
			defaultConfigurationName = Default;
		};
		E5EF6FC611E77DE8000FB337 /* Build configuration list for PBXNativeTarget "XsprayD OSX" */ = {
			isa = XCConfigurationList;
			buildConfigurations = (
				E5EF6FC711E77DE8000FB337 /* Default */,
			);
			defaultConfigurationIsVisible = 0;
			defaultConfigurationName = Default;
		};
/* End XCConfigurationList section */
	};
	rootObject = 61A9DE3F0B833C9200BC506C /* Project object */;
}
