// !$*UTF8*$!
{
	archiveVersion = 1;
	classes = {
	};
	objectVersion = 46;
	objects = {

/* Begin PBXBuildFile section */
		6E04DC26176618750098D9D5 /* libclang.dylib in Frameworks */ = {isa = PBXBuildFile; fileRef = 6E04DC25176618750098D9D5 /* libclang.dylib */; };
		E514380F1766377900DE52E4 /* libclang.dylib in Frameworks */ = {isa = PBXBuildFile; fileRef = 6E04DC25176618750098D9D5 /* libclang.dylib */; };
		E51C3C481779EF5E00FDE1AC /* NativeFileDialog.mm in Sources */ = {isa = PBXBuildFile; fileRef = E51C3C461779EF5E00FDE1AC /* NativeFileDialog.mm */; };
		E51C3C491779EF5E00FDE1AC /* NativeFileDialog.mm in Sources */ = {isa = PBXBuildFile; fileRef = E51C3C461779EF5E00FDE1AC /* NativeFileDialog.mm */; };
		E536A50617C3519800D9F341 /* libmsgpack.a in Frameworks */ = {isa = PBXBuildFile; fileRef = E5EF488217B99ACA00F62017 /* libmsgpack.a */; };
		E536A50C17C351A600D9F341 /* libmsgpack.a in Frameworks */ = {isa = PBXBuildFile; fileRef = E5EF488217B99ACA00F62017 /* libmsgpack.a */; };
		E53D0CF4177445E90082B86F /* Breakpoint.cpp in Sources */ = {isa = PBXBuildFile; fileRef = E53D0CE6177445E90082B86F /* Breakpoint.cpp */; };
		E53D0CF5177445E90082B86F /* Breakpoint.cpp in Sources */ = {isa = PBXBuildFile; fileRef = E53D0CE6177445E90082B86F /* Breakpoint.cpp */; };
		E53D0CF6177445E90082B86F /* DebuggerContext.cpp in Sources */ = {isa = PBXBuildFile; fileRef = E53D0CE8177445E90082B86F /* DebuggerContext.cpp */; };
		E53D0CF7177445E90082B86F /* DebuggerContext.cpp in Sources */ = {isa = PBXBuildFile; fileRef = E53D0CE8177445E90082B86F /* DebuggerContext.cpp */; };
		E53D0CF8177445E90082B86F /* ModuleTree.cpp in Sources */ = {isa = PBXBuildFile; fileRef = E53D0CEA177445E90082B86F /* ModuleTree.cpp */; };
		E53D0CF9177445E90082B86F /* ModuleTree.cpp in Sources */ = {isa = PBXBuildFile; fileRef = E53D0CEA177445E90082B86F /* ModuleTree.cpp */; };
		E53D0CFA177445E90082B86F /* ProcessTree.cpp in Sources */ = {isa = PBXBuildFile; fileRef = E53D0CEC177445E90082B86F /* ProcessTree.cpp */; };
		E53D0CFB177445E90082B86F /* ProcessTree.cpp in Sources */ = {isa = PBXBuildFile; fileRef = E53D0CEC177445E90082B86F /* ProcessTree.cpp */; };
		E53D0CFC177445E90082B86F /* SourceView.cpp in Sources */ = {isa = PBXBuildFile; fileRef = E53D0CEE177445E90082B86F /* SourceView.cpp */; };
		E53D0CFD177445E90082B86F /* SourceView.cpp in Sources */ = {isa = PBXBuildFile; fileRef = E53D0CEE177445E90082B86F /* SourceView.cpp */; };
		E53D0CFE177445E90082B86F /* VariableNode.cpp in Sources */ = {isa = PBXBuildFile; fileRef = E53D0CF0177445E90082B86F /* VariableNode.cpp */; };
		E53D0CFF177445E90082B86F /* VariableNode.cpp in Sources */ = {isa = PBXBuildFile; fileRef = E53D0CF0177445E90082B86F /* VariableNode.cpp */; };
		E53D0D00177445E90082B86F /* Xspray.cpp in Sources */ = {isa = PBXBuildFile; fileRef = E53D0CF2177445E90082B86F /* Xspray.cpp */; };
		E53D0D01177445E90082B86F /* Xspray.cpp in Sources */ = {isa = PBXBuildFile; fileRef = E53D0CF2177445E90082B86F /* Xspray.cpp */; };
		E53D0D0417750CDC0082B86F /* iOSRemoteDebug.cpp in Sources */ = {isa = PBXBuildFile; fileRef = E53D0D0217750CDC0082B86F /* iOSRemoteDebug.cpp */; };
		E53D0D0517750CDC0082B86F /* iOSRemoteDebug.cpp in Sources */ = {isa = PBXBuildFile; fileRef = E53D0D0217750CDC0082B86F /* iOSRemoteDebug.cpp */; };
		E53D0D09177586790082B86F /* MobileDevice.framework in Frameworks */ = {isa = PBXBuildFile; fileRef = E53D0D07177585F50082B86F /* MobileDevice.framework */; };
		E53D0D0A1775869A0082B86F /* MobileDevice.framework in Frameworks */ = {isa = PBXBuildFile; fileRef = E53D0D07177585F50082B86F /* MobileDevice.framework */; };
		E54A252C17A7C9DD003EA936 /* BreakpointsView.cpp in Sources */ = {isa = PBXBuildFile; fileRef = E54A252A17A7C9DD003EA936 /* BreakpointsView.cpp */; };
		E54A252D17A7C9DD003EA936 /* BreakpointsView.cpp in Sources */ = {isa = PBXBuildFile; fileRef = E54A252A17A7C9DD003EA936 /* BreakpointsView.cpp */; };
		E54FABE317816B5400E09874 /* AppDescription.mm in Sources */ = {isa = PBXBuildFile; fileRef = E54FABE117816B5400E09874 /* AppDescription.mm */; };
		E54FABE417816B5400E09874 /* AppDescription.mm in Sources */ = {isa = PBXBuildFile; fileRef = E54FABE117816B5400E09874 /* AppDescription.mm */; };
		E54FADF6178179A700E09874 /* libtop.a in Frameworks */ = {isa = PBXBuildFile; fileRef = E54FADF11781796200E09874 /* libtop.a */; };
		E54FADF7178179AE00E09874 /* libtop.a in Frameworks */ = {isa = PBXBuildFile; fileRef = E54FADF11781796200E09874 /* libtop.a */; };
		E550BA301917C9BC0016CE60 /* LLDB.framework in CopyFiles */ = {isa = PBXBuildFile; fileRef = E58F7E8117E3987200368507 /* LLDB.framework */; };
		E550BA321917CD780016CE60 /* libclang.dylib in Frameworks */ = {isa = PBXBuildFile; fileRef = E550BA311917CD780016CE60 /* libclang.dylib */; };
		E550BA331917CD780016CE60 /* libclang.dylib in Frameworks */ = {isa = PBXBuildFile; fileRef = E550BA311917CD780016CE60 /* libclang.dylib */; };
		E550BA341917CDC00016CE60 /* libclang.dylib in CopyFiles */ = {isa = PBXBuildFile; fileRef = E550BA311917CD780016CE60 /* libclang.dylib */; };
		E551CBD6178A4718008FCD2F /* ArrayModel.cpp in Sources */ = {isa = PBXBuildFile; fileRef = E551CBD5178A4718008FCD2F /* ArrayModel.cpp */; };
		E551CBD7178A4718008FCD2F /* ArrayModel.cpp in Sources */ = {isa = PBXBuildFile; fileRef = E551CBD5178A4718008FCD2F /* ArrayModel.cpp */; };
		E5523F24178A2AF400C499E9 /* GraphView.cpp in Sources */ = {isa = PBXBuildFile; fileRef = E5523F22178A2AF400C499E9 /* GraphView.cpp */; };
		E5523F25178A2AF400C499E9 /* GraphView.cpp in Sources */ = {isa = PBXBuildFile; fileRef = E5523F22178A2AF400C499E9 /* GraphView.cpp */; };
		E559C65E178DB0A00055848B /* SymbolTree.cpp in Sources */ = {isa = PBXBuildFile; fileRef = E559C65C178DB0A00055848B /* SymbolTree.cpp */; };
		E559C65F178DB0A00055848B /* SymbolTree.cpp in Sources */ = {isa = PBXBuildFile; fileRef = E559C65C178DB0A00055848B /* SymbolTree.cpp */; };
		E562BF0A17685B000081AF35 /* libclang.dylib in CopyFiles */ = {isa = PBXBuildFile; fileRef = 6E04DC25176618750098D9D5 /* libclang.dylib */; };
		E562BF0B17685C600081AF35 /* LLDB.framework in Frameworks */ = {isa = PBXBuildFile; fileRef = E50FD2FF1752B5BE00C4AA66 /* LLDB.framework */; };
		E58F7E8217E3987200368507 /* LLDB.framework in Frameworks */ = {isa = PBXBuildFile; fileRef = E58F7E8117E3987200368507 /* LLDB.framework */; };
		E58F7E8317E3988900368507 /* LLDB.framework in CopyFiles */ = {isa = PBXBuildFile; fileRef = E58F7E8117E3987200368507 /* LLDB.framework */; };
		E59CD16A11EA0C4000955611 /* Cocoa.framework in Frameworks */ = {isa = PBXBuildFile; fileRef = E59CD16911EA0C4000955611 /* Cocoa.framework */; };
		E5B74FC51913CCEB005E78CA /* libnuiCocoa.a in Frameworks */ = {isa = PBXBuildFile; fileRef = E5D644FB120A01E0009C26A9 /* libnuiCocoa.a */; };
		E5D64525120A0B92009C26A9 /* Application.cpp in Sources */ = {isa = PBXBuildFile; fileRef = 61A9DFEF0B83433800BC506C /* Application.cpp */; };
		E5D64526120A0B92009C26A9 /* MainWindow.cpp in Sources */ = {isa = PBXBuildFile; fileRef = 61A9DFF10B83433800BC506C /* MainWindow.cpp */; };
		E5D64528120A0B92009C26A9 /* CoreFoundation.framework in Frameworks */ = {isa = PBXBuildFile; fileRef = 61A9DFD30B833F1500BC506C /* CoreFoundation.framework */; };
		E5D64529120A0B92009C26A9 /* CoreServices.framework in Frameworks */ = {isa = PBXBuildFile; fileRef = 61A9DFD40B833F1500BC506C /* CoreServices.framework */; };
		E5D6452A120A0B92009C26A9 /* OpenGL.framework in Frameworks */ = {isa = PBXBuildFile; fileRef = 61A9DFD60B833F1500BC506C /* OpenGL.framework */; };
		E5D6452C120A0B92009C26A9 /* Cocoa.framework in Frameworks */ = {isa = PBXBuildFile; fileRef = E59CD16911EA0C4000955611 /* Cocoa.framework */; };
		E5D6453D120AA7D8009C26A9 /* libnuiCocoa.a in Frameworks */ = {isa = PBXBuildFile; fileRef = E5D644FB120A01E0009C26A9 /* libnuiCocoa.a */; };
		E5E8E736178060AB001E6358 /* DebugView.cpp in Sources */ = {isa = PBXBuildFile; fileRef = E5E8E734178060AB001E6358 /* DebugView.cpp */; };
		E5E8E737178060AB001E6358 /* DebugView.cpp in Sources */ = {isa = PBXBuildFile; fileRef = E5E8E734178060AB001E6358 /* DebugView.cpp */; };
		E5E8E73A17806D43001E6358 /* HomeView.cpp in Sources */ = {isa = PBXBuildFile; fileRef = E5E8E73817806D43001E6358 /* HomeView.cpp */; };
		E5E8E73B17806D43001E6358 /* HomeView.cpp in Sources */ = {isa = PBXBuildFile; fileRef = E5E8E73817806D43001E6358 /* HomeView.cpp */; };
		E5EF48C817B99B6000F62017 /* gcc_atomic.cpp in Sources */ = {isa = PBXBuildFile; fileRef = E5EF488E17B99B6000F62017 /* gcc_atomic.cpp */; };
		E5EF48C917B99B6000F62017 /* gcc_atomic.h in Headers */ = {isa = PBXBuildFile; fileRef = E5EF488F17B99B6000F62017 /* gcc_atomic.h */; };
		E5EF48CB17B99B6000F62017 /* object.h in Headers */ = {isa = PBXBuildFile; fileRef = E5EF489417B99B6000F62017 /* object.h */; };
		E5EF48CC17B99B6000F62017 /* object.hpp in Headers */ = {isa = PBXBuildFile; fileRef = E5EF489517B99B6000F62017 /* object.hpp */; };
		E5EF48CD17B99B6000F62017 /* pack.h in Headers */ = {isa = PBXBuildFile; fileRef = E5EF489617B99B6000F62017 /* pack.h */; };
		E5EF48CE17B99B6000F62017 /* pack.hpp in Headers */ = {isa = PBXBuildFile; fileRef = E5EF489717B99B6000F62017 /* pack.hpp */; };
		E5EF48CF17B99B6000F62017 /* pack_define.h in Headers */ = {isa = PBXBuildFile; fileRef = E5EF489817B99B6000F62017 /* pack_define.h */; };
		E5EF48D017B99B6000F62017 /* pack_template.h in Headers */ = {isa = PBXBuildFile; fileRef = E5EF489917B99B6000F62017 /* pack_template.h */; };
		E5EF48D117B99B6000F62017 /* sbuffer.h in Headers */ = {isa = PBXBuildFile; fileRef = E5EF489A17B99B6000F62017 /* sbuffer.h */; };
		E5EF48D217B99B6000F62017 /* sbuffer.hpp in Headers */ = {isa = PBXBuildFile; fileRef = E5EF489B17B99B6000F62017 /* sbuffer.hpp */; };
		E5EF48D317B99B6000F62017 /* sysdep.h in Headers */ = {isa = PBXBuildFile; fileRef = E5EF489C17B99B6000F62017 /* sysdep.h */; };
		E5EF48D417B99B6000F62017 /* bool.hpp in Headers */ = {isa = PBXBuildFile; fileRef = E5EF489E17B99B6000F62017 /* bool.hpp */; };
		E5EF48D517B99B6000F62017 /* define.hpp in Headers */ = {isa = PBXBuildFile; fileRef = E5EF489F17B99B6000F62017 /* define.hpp */; };
		E5EF48D617B99B6000F62017 /* deque.hpp in Headers */ = {isa = PBXBuildFile; fileRef = E5EF48A117B99B6000F62017 /* deque.hpp */; };
		E5EF48D717B99B6000F62017 /* fixint.hpp in Headers */ = {isa = PBXBuildFile; fileRef = E5EF48A217B99B6000F62017 /* fixint.hpp */; };
		E5EF48D817B99B6000F62017 /* float.hpp in Headers */ = {isa = PBXBuildFile; fileRef = E5EF48A317B99B6000F62017 /* float.hpp */; };
		E5EF48D917B99B6000F62017 /* int.hpp in Headers */ = {isa = PBXBuildFile; fileRef = E5EF48A417B99B6000F62017 /* int.hpp */; };
		E5EF48DA17B99B6000F62017 /* list.hpp in Headers */ = {isa = PBXBuildFile; fileRef = E5EF48A517B99B6000F62017 /* list.hpp */; };
		E5EF48DB17B99B6000F62017 /* map.hpp in Headers */ = {isa = PBXBuildFile; fileRef = E5EF48A617B99B6000F62017 /* map.hpp */; };
		E5EF48DC17B99B6000F62017 /* nil.hpp in Headers */ = {isa = PBXBuildFile; fileRef = E5EF48A717B99B6000F62017 /* nil.hpp */; };
		E5EF48DD17B99B6000F62017 /* pair.hpp in Headers */ = {isa = PBXBuildFile; fileRef = E5EF48A817B99B6000F62017 /* pair.hpp */; };
		E5EF48DE17B99B6000F62017 /* raw.hpp in Headers */ = {isa = PBXBuildFile; fileRef = E5EF48A917B99B6000F62017 /* raw.hpp */; };
		E5EF48DF17B99B6000F62017 /* set.hpp in Headers */ = {isa = PBXBuildFile; fileRef = E5EF48AA17B99B6000F62017 /* set.hpp */; };
		E5EF48E017B99B6000F62017 /* string.hpp in Headers */ = {isa = PBXBuildFile; fileRef = E5EF48AB17B99B6000F62017 /* string.hpp */; };
		E5EF48E117B99B6000F62017 /* unordered_map.hpp in Headers */ = {isa = PBXBuildFile; fileRef = E5EF48AD17B99B6000F62017 /* unordered_map.hpp */; };
		E5EF48E217B99B6000F62017 /* unordered_set.hpp in Headers */ = {isa = PBXBuildFile; fileRef = E5EF48AE17B99B6000F62017 /* unordered_set.hpp */; };
		E5EF48E317B99B6000F62017 /* tuple.hpp in Headers */ = {isa = PBXBuildFile; fileRef = E5EF48AF17B99B6000F62017 /* tuple.hpp */; };
		E5EF48E417B99B6000F62017 /* vector.hpp in Headers */ = {isa = PBXBuildFile; fileRef = E5EF48B117B99B6000F62017 /* vector.hpp */; };
		E5EF48E517B99B6000F62017 /* type.hpp in Headers */ = {isa = PBXBuildFile; fileRef = E5EF48B217B99B6000F62017 /* type.hpp */; };
		E5EF48E617B99B6000F62017 /* unpack.h in Headers */ = {isa = PBXBuildFile; fileRef = E5EF48B317B99B6000F62017 /* unpack.h */; };
		E5EF48E717B99B6000F62017 /* unpack.hpp in Headers */ = {isa = PBXBuildFile; fileRef = E5EF48B417B99B6000F62017 /* unpack.hpp */; };
		E5EF48E817B99B6000F62017 /* unpack_define.h in Headers */ = {isa = PBXBuildFile; fileRef = E5EF48B517B99B6000F62017 /* unpack_define.h */; };
		E5EF48E917B99B6000F62017 /* unpack_template.h in Headers */ = {isa = PBXBuildFile; fileRef = E5EF48B617B99B6000F62017 /* unpack_template.h */; };
		E5EF48EA17B99B6000F62017 /* version.h in Headers */ = {isa = PBXBuildFile; fileRef = E5EF48B717B99B6000F62017 /* version.h */; };
		E5EF48EB17B99B6000F62017 /* vrefbuffer.h in Headers */ = {isa = PBXBuildFile; fileRef = E5EF48B917B99B6000F62017 /* vrefbuffer.h */; };
		E5EF48EC17B99B6000F62017 /* vrefbuffer.hpp in Headers */ = {isa = PBXBuildFile; fileRef = E5EF48BA17B99B6000F62017 /* vrefbuffer.hpp */; };
		E5EF48ED17B99B6000F62017 /* zbuffer.h in Headers */ = {isa = PBXBuildFile; fileRef = E5EF48BB17B99B6000F62017 /* zbuffer.h */; };
		E5EF48EE17B99B6000F62017 /* zbuffer.hpp in Headers */ = {isa = PBXBuildFile; fileRef = E5EF48BC17B99B6000F62017 /* zbuffer.hpp */; };
		E5EF48EF17B99B6000F62017 /* zone.h in Headers */ = {isa = PBXBuildFile; fileRef = E5EF48BD17B99B6000F62017 /* zone.h */; };
		E5EF48F017B99B6000F62017 /* zone.hpp in Headers */ = {isa = PBXBuildFile; fileRef = E5EF48BE17B99B6000F62017 /* zone.hpp */; };
		E5EF48F117B99B6000F62017 /* msgpack.h in Headers */ = {isa = PBXBuildFile; fileRef = E5EF48C017B99B6000F62017 /* msgpack.h */; };
		E5EF48F217B99B6000F62017 /* msgpack.hpp in Headers */ = {isa = PBXBuildFile; fileRef = E5EF48C117B99B6000F62017 /* msgpack.hpp */; };
		E5EF48F317B99B6000F62017 /* object.cpp in Sources */ = {isa = PBXBuildFile; fileRef = E5EF48C217B99B6000F62017 /* object.cpp */; };
		E5EF48F417B99B6000F62017 /* objectc.c in Sources */ = {isa = PBXBuildFile; fileRef = E5EF48C317B99B6000F62017 /* objectc.c */; };
		E5EF48F517B99B6000F62017 /* unpack.c in Sources */ = {isa = PBXBuildFile; fileRef = E5EF48C417B99B6000F62017 /* unpack.c */; };
		E5EF48F617B99B6000F62017 /* version.c in Sources */ = {isa = PBXBuildFile; fileRef = E5EF48C517B99B6000F62017 /* version.c */; };
		E5EF48F717B99B6000F62017 /* vrefbuffer.c in Sources */ = {isa = PBXBuildFile; fileRef = E5EF48C617B99B6000F62017 /* vrefbuffer.c */; };
		E5EF48F817B99B6000F62017 /* zone.c in Sources */ = {isa = PBXBuildFile; fileRef = E5EF48C717B99B6000F62017 /* zone.c */; };
		E5EF6FBC11E77DE8000FB337 /* Application.cpp in Sources */ = {isa = PBXBuildFile; fileRef = 61A9DFEF0B83433800BC506C /* Application.cpp */; };
		E5EF6FBD11E77DE8000FB337 /* MainWindow.cpp in Sources */ = {isa = PBXBuildFile; fileRef = 61A9DFF10B83433800BC506C /* MainWindow.cpp */; };
		E5EF6FC011E77DE8000FB337 /* CoreFoundation.framework in Frameworks */ = {isa = PBXBuildFile; fileRef = 61A9DFD30B833F1500BC506C /* CoreFoundation.framework */; };
		E5EF6FC111E77DE8000FB337 /* CoreServices.framework in Frameworks */ = {isa = PBXBuildFile; fileRef = 61A9DFD40B833F1500BC506C /* CoreServices.framework */; };
		E5EF6FC311E77DE8000FB337 /* OpenGL.framework in Frameworks */ = {isa = PBXBuildFile; fileRef = 61A9DFD60B833F1500BC506C /* OpenGL.framework */; };
		E5EF8BE317E8F45500AA5914 /* DebugState.cpp in Sources */ = {isa = PBXBuildFile; fileRef = E5EF8BE117E8F45500AA5914 /* DebugState.cpp */; };
		E5EF8BE417E8F45500AA5914 /* DebugState.cpp in Sources */ = {isa = PBXBuildFile; fileRef = E5EF8BE117E8F45500AA5914 /* DebugState.cpp */; };
		E5FD8D0B177BCFD4001646F6 /* libclang.dylib in CopyFiles */ = {isa = PBXBuildFile; fileRef = 6E04DC25176618750098D9D5 /* libclang.dylib */; };
/* End PBXBuildFile section */

/* Begin PBXContainerItemProxy section */
		BCBCB15D0DFD45B6002E8BC3 /* PBXContainerItemProxy */ = {
			isa = PBXContainerItemProxy;
			containerPortal = BCBCB1520DFD45B5002E8BC3 /* nui3.xcodeproj */;
			proxyType = 2;
			remoteGlobalIDString = E542A1AE0C3F0A5900225219;
			remoteInfo = nui3;
		};
		E50C19DB14B7C40D00C6C5B2 /* PBXContainerItemProxy */ = {
			isa = PBXContainerItemProxy;
			containerPortal = BCBCB1520DFD45B5002E8BC3 /* nui3.xcodeproj */;
			proxyType = 2;
			remoteGlobalIDString = E5FB9CF3147D5CEE001A1829;
			remoteInfo = minui3D;
		};
		E52420ED11CBCEBC0025CA71 /* PBXContainerItemProxy */ = {
			isa = PBXContainerItemProxy;
			containerPortal = BCBCB1520DFD45B5002E8BC3 /* nui3.xcodeproj */;
			proxyType = 2;
			remoteGlobalIDString = E52420E511CBCE9E0025CA71;
			remoteInfo = nuiPhone;
		};
		E536A50217C3518F00D9F341 /* PBXContainerItemProxy */ = {
			isa = PBXContainerItemProxy;
			containerPortal = 61A9DE3F0B833C9200BC506C /* Project object */;
			proxyType = 1;
			remoteGlobalIDString = E5EF488117B99ACA00F62017;
			remoteInfo = msgpack;
		};
		E536A50817C351A000D9F341 /* PBXContainerItemProxy */ = {
			isa = PBXContainerItemProxy;
			containerPortal = 61A9DE3F0B833C9200BC506C /* Project object */;
			proxyType = 1;
			remoteGlobalIDString = E5EF488117B99ACA00F62017;
			remoteInfo = msgpack;
		};
		E54FADEE1781796200E09874 /* PBXContainerItemProxy */ = {
			isa = PBXContainerItemProxy;
			containerPortal = E54FADE81781796200E09874 /* top.xcodeproj */;
			proxyType = 2;
			remoteGlobalIDString = 8DD76F7E0486A8DE00D96B5E;
			remoteInfo = top;
		};
		E54FADF01781796200E09874 /* PBXContainerItemProxy */ = {
			isa = PBXContainerItemProxy;
			containerPortal = E54FADE81781796200E09874 /* top.xcodeproj */;
			proxyType = 2;
			remoteGlobalIDString = AFC4EB4D0F15DC9A00670DE6;
			remoteInfo = libtop;
		};
		E54FADF21781799500E09874 /* PBXContainerItemProxy */ = {
			isa = PBXContainerItemProxy;
			containerPortal = E54FADE81781796200E09874 /* top.xcodeproj */;
			proxyType = 1;
			remoteGlobalIDString = AFC4EB4C0F15DC9A00670DE6;
			remoteInfo = libtop;
		};
		E54FADF41781799A00E09874 /* PBXContainerItemProxy */ = {
			isa = PBXContainerItemProxy;
			containerPortal = E54FADE81781796200E09874 /* top.xcodeproj */;
			proxyType = 1;
			remoteGlobalIDString = AFC4EB4C0F15DC9A00670DE6;
			remoteInfo = libtop;
		};
		E5B74FC31913CCE0005E78CA /* PBXContainerItemProxy */ = {
			isa = PBXContainerItemProxy;
			containerPortal = BCBCB1520DFD45B5002E8BC3 /* nui3.xcodeproj */;
			proxyType = 1;
			remoteGlobalIDString = E5D63EBB1209AB9C009C26A9;
			remoteInfo = nuiCocoa;
		};
		E5D4E8E512E4A9000001A86F /* PBXContainerItemProxy */ = {
			isa = PBXContainerItemProxy;
			containerPortal = BCBCB1520DFD45B5002E8BC3 /* nui3.xcodeproj */;
			proxyType = 2;
			remoteGlobalIDString = E5DD3FF412E0B08300F1EF4E;
			remoteInfo = thirdparty_ios;
		};
		E5D644FA120A01E0009C26A9 /* PBXContainerItemProxy */ = {
			isa = PBXContainerItemProxy;
			containerPortal = BCBCB1520DFD45B5002E8BC3 /* nui3.xcodeproj */;
			proxyType = 2;
			remoteGlobalIDString = E5D643E51209AB9C009C26A9;
			remoteInfo = nui3Cocoa;
		};
		E5D64534120A0BA3009C26A9 /* PBXContainerItemProxy */ = {
			isa = PBXContainerItemProxy;
			containerPortal = BCBCB1520DFD45B5002E8BC3 /* nui3.xcodeproj */;
			proxyType = 1;
			remoteGlobalIDString = E5D63EBB1209AB9C009C26A9;
			remoteInfo = nui3Cocoa;
		};
		E5DD348312E0A30100F1EF4E /* PBXContainerItemProxy */ = {
			isa = PBXContainerItemProxy;
			containerPortal = BCBCB1520DFD45B5002E8BC3 /* nui3.xcodeproj */;
			proxyType = 2;
			remoteGlobalIDString = E5DD341012E09CA800F1EF4E;
			remoteInfo = thirdparty;
		};
/* End PBXContainerItemProxy section */

/* Begin PBXCopyFilesBuildPhase section */
		E562BF0717685AE70081AF35 /* CopyFiles */ = {
			isa = PBXCopyFilesBuildPhase;
			buildActionMask = 2147483647;
			dstPath = "";
			dstSubfolderSpec = 10;
			files = (
				E550BA301917C9BC0016CE60 /* LLDB.framework in CopyFiles */,
				E550BA341917CDC00016CE60 /* libclang.dylib in CopyFiles */,
			);
			runOnlyForDeploymentPostprocessing = 0;
		};
		E562BF0917685AFA0081AF35 /* CopyFiles */ = {
			isa = PBXCopyFilesBuildPhase;
			buildActionMask = 2147483647;
			dstPath = "";
			dstSubfolderSpec = 6;
			files = (
				E562BF0A17685B000081AF35 /* libclang.dylib in CopyFiles */,
			);
			runOnlyForDeploymentPostprocessing = 0;
		};
		E5CA921B16F6011800B3A81D /* CopyFiles */ = {
			isa = PBXCopyFilesBuildPhase;
			buildActionMask = 2147483647;
			dstPath = "";
			dstSubfolderSpec = 10;
			files = (
				E58F7E8317E3988900368507 /* LLDB.framework in CopyFiles */,
				E5FD8D0B177BCFD4001646F6 /* libclang.dylib in CopyFiles */,
			);
			runOnlyForDeploymentPostprocessing = 0;
		};
/* End PBXCopyFilesBuildPhase section */

/* Begin PBXFileReference section */
		61A9DFD20B833F1500BC506C /* AGL.framework */ = {isa = PBXFileReference; lastKnownFileType = wrapper.framework; name = AGL.framework; path = /System/Library/Frameworks/AGL.framework; sourceTree = "<absolute>"; };
		61A9DFD30B833F1500BC506C /* CoreFoundation.framework */ = {isa = PBXFileReference; lastKnownFileType = wrapper.framework; name = CoreFoundation.framework; path = /System/Library/Frameworks/CoreFoundation.framework; sourceTree = "<absolute>"; };
		61A9DFD40B833F1500BC506C /* CoreServices.framework */ = {isa = PBXFileReference; lastKnownFileType = wrapper.framework; name = CoreServices.framework; path = /System/Library/Frameworks/CoreServices.framework; sourceTree = "<absolute>"; };
		61A9DFD50B833F1500BC506C /* Carbon.framework */ = {isa = PBXFileReference; lastKnownFileType = wrapper.framework; name = Carbon.framework; path = /System/Library/Frameworks/Carbon.framework; sourceTree = "<absolute>"; };
		61A9DFD60B833F1500BC506C /* OpenGL.framework */ = {isa = PBXFileReference; lastKnownFileType = wrapper.framework; name = OpenGL.framework; path = /System/Library/Frameworks/OpenGL.framework; sourceTree = "<absolute>"; };
		61A9DFEF0B83433800BC506C /* Application.cpp */ = {isa = PBXFileReference; fileEncoding = 30; lastKnownFileType = sourcecode.cpp.cpp; name = Application.cpp; path = src/Application.cpp; sourceTree = "<group>"; };
		61A9DFF00B83433800BC506C /* Application.h */ = {isa = PBXFileReference; fileEncoding = 30; lastKnownFileType = sourcecode.c.h; name = Application.h; path = src/Application.h; sourceTree = "<group>"; };
		61A9DFF10B83433800BC506C /* MainWindow.cpp */ = {isa = PBXFileReference; fileEncoding = 30; lastKnownFileType = sourcecode.cpp.cpp; name = MainWindow.cpp; path = src/MainWindow.cpp; sourceTree = "<group>"; };
		61A9DFF20B83433800BC506C /* MainWindow.h */ = {isa = PBXFileReference; fileEncoding = 30; lastKnownFileType = sourcecode.c.h; name = MainWindow.h; path = src/MainWindow.h; sourceTree = "<group>"; };
		6E04DC25176618750098D9D5 /* libclang.dylib */ = {isa = PBXFileReference; lastKnownFileType = "compiled.mach-o.dylib"; name = libclang.dylib; path = "../lldb/llvm-build/Release+Asserts/x86_64/Release+Asserts/lib/libclang.dylib"; sourceTree = SOURCE_ROOT; };
		6E37ABC016AD884700C333A4 /* WebKit.framework */ = {isa = PBXFileReference; lastKnownFileType = wrapper.framework; name = WebKit.framework; path = System/Library/Frameworks/WebKit.framework; sourceTree = SDKROOT; };
		BCBCB1520DFD45B5002E8BC3 /* nui3.xcodeproj */ = {isa = PBXFileReference; lastKnownFileType = "wrapper.pb-project"; name = nui3.xcodeproj; path = ../nui3/nui3.xcodeproj; sourceTree = SOURCE_ROOT; };
		E50FD2FF1752B5BE00C4AA66 /* LLDB.framework */ = {isa = PBXFileReference; lastKnownFileType = wrapper.framework; name = LLDB.framework; path = ../Release/LLDB.framework; sourceTree = BUILT_PRODUCTS_DIR; };
		E50FD30D17534D9900C4AA66 /* LLDB Python API */ = {isa = PBXFileReference; lastKnownFileType = text; path = "LLDB Python API"; sourceTree = "<group>"; };
		E51C3C461779EF5E00FDE1AC /* NativeFileDialog.mm */ = {isa = PBXFileReference; fileEncoding = 4; lastKnownFileType = sourcecode.cpp.objcpp; name = NativeFileDialog.mm; path = src/NativeFileDialog.mm; sourceTree = "<group>"; };
		E51C3C471779EF5E00FDE1AC /* NativeFileDialog.h */ = {isa = PBXFileReference; fileEncoding = 4; lastKnownFileType = sourcecode.c.h; name = NativeFileDialog.h; path = src/NativeFileDialog.h; sourceTree = "<group>"; };
		E53D0CE6177445E90082B86F /* Breakpoint.cpp */ = {isa = PBXFileReference; fileEncoding = 4; lastKnownFileType = sourcecode.cpp.cpp; name = Breakpoint.cpp; path = src/Xspray/Breakpoint.cpp; sourceTree = "<group>"; };
		E53D0CE7177445E90082B86F /* Breakpoint.h */ = {isa = PBXFileReference; fileEncoding = 4; lastKnownFileType = sourcecode.c.h; name = Breakpoint.h; path = src/Xspray/Breakpoint.h; sourceTree = "<group>"; };
		E53D0CE8177445E90082B86F /* DebuggerContext.cpp */ = {isa = PBXFileReference; fileEncoding = 4; lastKnownFileType = sourcecode.cpp.cpp; name = DebuggerContext.cpp; path = src/Xspray/DebuggerContext.cpp; sourceTree = "<group>"; };
		E53D0CE9177445E90082B86F /* DebuggerContext.h */ = {isa = PBXFileReference; fileEncoding = 4; lastKnownFileType = sourcecode.c.h; name = DebuggerContext.h; path = src/Xspray/DebuggerContext.h; sourceTree = "<group>"; };
		E53D0CEA177445E90082B86F /* ModuleTree.cpp */ = {isa = PBXFileReference; fileEncoding = 4; lastKnownFileType = sourcecode.cpp.cpp; name = ModuleTree.cpp; path = src/Xspray/ModuleTree.cpp; sourceTree = "<group>"; };
		E53D0CEB177445E90082B86F /* ModuleTree.h */ = {isa = PBXFileReference; fileEncoding = 4; lastKnownFileType = sourcecode.c.h; name = ModuleTree.h; path = src/Xspray/ModuleTree.h; sourceTree = "<group>"; };
		E53D0CEC177445E90082B86F /* ProcessTree.cpp */ = {isa = PBXFileReference; fileEncoding = 4; lastKnownFileType = sourcecode.cpp.cpp; name = ProcessTree.cpp; path = src/Xspray/ProcessTree.cpp; sourceTree = "<group>"; };
		E53D0CED177445E90082B86F /* ProcessTree.h */ = {isa = PBXFileReference; fileEncoding = 4; lastKnownFileType = sourcecode.c.h; name = ProcessTree.h; path = src/Xspray/ProcessTree.h; sourceTree = "<group>"; };
		E53D0CEE177445E90082B86F /* SourceView.cpp */ = {isa = PBXFileReference; fileEncoding = 4; lastKnownFileType = sourcecode.cpp.cpp; name = SourceView.cpp; path = src/Xspray/SourceView.cpp; sourceTree = "<group>"; };
		E53D0CEF177445E90082B86F /* SourceView.h */ = {isa = PBXFileReference; fileEncoding = 4; lastKnownFileType = sourcecode.c.h; name = SourceView.h; path = src/Xspray/SourceView.h; sourceTree = "<group>"; };
		E53D0CF0177445E90082B86F /* VariableNode.cpp */ = {isa = PBXFileReference; fileEncoding = 4; lastKnownFileType = sourcecode.cpp.cpp; name = VariableNode.cpp; path = src/Xspray/VariableNode.cpp; sourceTree = "<group>"; };
		E53D0CF1177445E90082B86F /* VariableNode.h */ = {isa = PBXFileReference; fileEncoding = 4; lastKnownFileType = sourcecode.c.h; name = VariableNode.h; path = src/Xspray/VariableNode.h; sourceTree = "<group>"; };
		E53D0CF2177445E90082B86F /* Xspray.cpp */ = {isa = PBXFileReference; fileEncoding = 4; lastKnownFileType = sourcecode.cpp.cpp; name = Xspray.cpp; path = src/Xspray/Xspray.cpp; sourceTree = "<group>"; };
		E53D0CF3177445E90082B86F /* Xspray.h */ = {isa = PBXFileReference; fileEncoding = 4; lastKnownFileType = sourcecode.c.h; name = Xspray.h; path = src/Xspray/Xspray.h; sourceTree = "<group>"; };
		E53D0D0217750CDC0082B86F /* iOSRemoteDebug.cpp */ = {isa = PBXFileReference; fileEncoding = 4; lastKnownFileType = sourcecode.cpp.cpp; name = iOSRemoteDebug.cpp; path = src/Xspray/iOSRemoteDebug.cpp; sourceTree = "<group>"; };
		E53D0D0317750CDC0082B86F /* iOSRemoteDebug.h */ = {isa = PBXFileReference; fileEncoding = 4; lastKnownFileType = sourcecode.c.h; name = iOSRemoteDebug.h; path = src/Xspray/iOSRemoteDebug.h; sourceTree = "<group>"; };
		E53D0D0617750E350082B86F /* MobileDevice.h */ = {isa = PBXFileReference; fileEncoding = 4; lastKnownFileType = sourcecode.c.h; name = MobileDevice.h; path = src/Xspray/MobileDevice.h; sourceTree = "<group>"; };
		E53D0D07177585F50082B86F /* MobileDevice.framework */ = {isa = PBXFileReference; lastKnownFileType = wrapper.framework; name = MobileDevice.framework; path = /System/Library/PrivateFrameworks/MobileDevice.framework; sourceTree = "<absolute>"; };
		E54A252A17A7C9DD003EA936 /* BreakpointsView.cpp */ = {isa = PBXFileReference; fileEncoding = 4; lastKnownFileType = sourcecode.cpp.cpp; name = BreakpointsView.cpp; path = src/Xspray/BreakpointsView.cpp; sourceTree = "<group>"; };
		E54A252B17A7C9DD003EA936 /* BreakpointsView.h */ = {isa = PBXFileReference; fileEncoding = 4; lastKnownFileType = sourcecode.c.h; name = BreakpointsView.h; path = src/Xspray/BreakpointsView.h; sourceTree = "<group>"; };
		E54FABE117816B5400E09874 /* AppDescription.mm */ = {isa = PBXFileReference; fileEncoding = 4; lastKnownFileType = sourcecode.cpp.objcpp; name = AppDescription.mm; path = src/Xspray/AppDescription.mm; sourceTree = "<group>"; };
		E54FABE217816B5400E09874 /* AppDescription.h */ = {isa = PBXFileReference; fileEncoding = 4; lastKnownFileType = sourcecode.c.h; name = AppDescription.h; path = src/Xspray/AppDescription.h; sourceTree = "<group>"; };
		E54FADE81781796200E09874 /* top.xcodeproj */ = {isa = PBXFileReference; lastKnownFileType = "wrapper.pb-project"; name = top.xcodeproj; path = deps/top/top.xcodeproj; sourceTree = "<group>"; };
		E550BA311917CD780016CE60 /* libclang.dylib */ = {isa = PBXFileReference; lastKnownFileType = "compiled.mach-o.dylib"; name = libclang.dylib; path = "../lldb/llvm-build/Release+Asserts/x86_64/Release+Asserts/lib/libclang.dylib"; sourceTree = "<group>"; };
		E551CBD5178A4718008FCD2F /* ArrayModel.cpp */ = {isa = PBXFileReference; fileEncoding = 4; lastKnownFileType = sourcecode.cpp.cpp; name = ArrayModel.cpp; path = src/Xspray/ArrayModel.cpp; sourceTree = "<group>"; };
		E5523F141789DD2600C499E9 /* ArrayModel.h */ = {isa = PBXFileReference; fileEncoding = 4; lastKnownFileType = sourcecode.c.h; name = ArrayModel.h; path = src/Xspray/ArrayModel.h; sourceTree = "<group>"; };
		E5523F22178A2AF400C499E9 /* GraphView.cpp */ = {isa = PBXFileReference; fileEncoding = 4; lastKnownFileType = sourcecode.cpp.cpp; name = GraphView.cpp; path = src/Xspray/GraphView.cpp; sourceTree = "<group>"; };
		E5523F23178A2AF400C499E9 /* GraphView.h */ = {isa = PBXFileReference; fileEncoding = 4; lastKnownFileType = sourcecode.c.h; name = GraphView.h; path = src/Xspray/GraphView.h; sourceTree = "<group>"; };
		E559C65C178DB0A00055848B /* SymbolTree.cpp */ = {isa = PBXFileReference; fileEncoding = 4; lastKnownFileType = sourcecode.cpp.cpp; name = SymbolTree.cpp; path = src/Xspray/SymbolTree.cpp; sourceTree = "<group>"; };
		E559C65D178DB0A00055848B /* SymbolTree.h */ = {isa = PBXFileReference; fileEncoding = 4; lastKnownFileType = sourcecode.c.h; name = SymbolTree.h; path = src/Xspray/SymbolTree.h; sourceTree = "<group>"; };
		E58F7E8117E3987200368507 /* LLDB.framework */ = {isa = PBXFileReference; lastKnownFileType = wrapper.framework; name = LLDB.framework; path = "../../Library/Developer/Xcode/DerivedData/Xspray-dtwapawukeyqhfbpilcteskrgncc/Build/Products/debug/LLDB.framework"; sourceTree = "<group>"; };
		E59CD16911EA0C4000955611 /* Cocoa.framework */ = {isa = PBXFileReference; lastKnownFileType = wrapper.framework; name = Cocoa.framework; path = /System/Library/Frameworks/Cocoa.framework; sourceTree = "<absolute>"; };
		E59CD30011EA94A000955611 /* Info.plist */ = {isa = PBXFileReference; fileEncoding = 4; lastKnownFileType = text.plist.xml; path = Info.plist; sourceTree = SOURCE_ROOT; };
		E5C5912216722BA500BAEDE4 /* resources */ = {isa = PBXFileReference; lastKnownFileType = folder; path = resources; sourceTree = "<group>"; };
		E5CA922316F62CB200B3A81D /* Xspray.entitlements */ = {isa = PBXFileReference; lastKnownFileType = text.xml; path = Xspray.entitlements; sourceTree = "<group>"; };
		E5D64530120A0B92009C26A9 /* Xspray.app */ = {isa = PBXFileReference; explicitFileType = wrapper.application; includeInIndex = 0; path = Xspray.app; sourceTree = BUILT_PRODUCTS_DIR; };
		E5E8E734178060AB001E6358 /* DebugView.cpp */ = {isa = PBXFileReference; fileEncoding = 4; lastKnownFileType = sourcecode.cpp.cpp; name = DebugView.cpp; path = src/Xspray/DebugView.cpp; sourceTree = "<group>"; };
		E5E8E735178060AB001E6358 /* DebugView.h */ = {isa = PBXFileReference; fileEncoding = 4; lastKnownFileType = sourcecode.c.h; name = DebugView.h; path = src/Xspray/DebugView.h; sourceTree = "<group>"; };
		E5E8E73817806D43001E6358 /* HomeView.cpp */ = {isa = PBXFileReference; fileEncoding = 4; lastKnownFileType = sourcecode.cpp.cpp; name = HomeView.cpp; path = src/Xspray/HomeView.cpp; sourceTree = "<group>"; };
		E5E8E73917806D43001E6358 /* HomeView.h */ = {isa = PBXFileReference; fileEncoding = 4; lastKnownFileType = sourcecode.c.h; name = HomeView.h; path = src/Xspray/HomeView.h; sourceTree = "<group>"; };
		E5EF488217B99ACA00F62017 /* libmsgpack.a */ = {isa = PBXFileReference; explicitFileType = archive.ar; includeInIndex = 0; path = libmsgpack.a; sourceTree = BUILT_PRODUCTS_DIR; };
		E5EF488E17B99B6000F62017 /* gcc_atomic.cpp */ = {isa = PBXFileReference; fileEncoding = 4; lastKnownFileType = sourcecode.cpp.cpp; path = gcc_atomic.cpp; sourceTree = "<group>"; };
		E5EF488F17B99B6000F62017 /* gcc_atomic.h */ = {isa = PBXFileReference; fileEncoding = 4; lastKnownFileType = sourcecode.c.h; path = gcc_atomic.h; sourceTree = "<group>"; };
		E5EF489417B99B6000F62017 /* object.h */ = {isa = PBXFileReference; fileEncoding = 4; lastKnownFileType = sourcecode.c.h; path = object.h; sourceTree = "<group>"; };
		E5EF489517B99B6000F62017 /* object.hpp */ = {isa = PBXFileReference; fileEncoding = 4; lastKnownFileType = sourcecode.cpp.h; path = object.hpp; sourceTree = "<group>"; };
		E5EF489617B99B6000F62017 /* pack.h */ = {isa = PBXFileReference; fileEncoding = 4; lastKnownFileType = sourcecode.c.h; path = pack.h; sourceTree = "<group>"; };
		E5EF489717B99B6000F62017 /* pack.hpp */ = {isa = PBXFileReference; fileEncoding = 4; lastKnownFileType = sourcecode.cpp.h; path = pack.hpp; sourceTree = "<group>"; };
		E5EF489817B99B6000F62017 /* pack_define.h */ = {isa = PBXFileReference; fileEncoding = 4; lastKnownFileType = sourcecode.c.h; path = pack_define.h; sourceTree = "<group>"; };
		E5EF489917B99B6000F62017 /* pack_template.h */ = {isa = PBXFileReference; fileEncoding = 4; lastKnownFileType = sourcecode.c.h; path = pack_template.h; sourceTree = "<group>"; };
		E5EF489A17B99B6000F62017 /* sbuffer.h */ = {isa = PBXFileReference; fileEncoding = 4; lastKnownFileType = sourcecode.c.h; path = sbuffer.h; sourceTree = "<group>"; };
		E5EF489B17B99B6000F62017 /* sbuffer.hpp */ = {isa = PBXFileReference; fileEncoding = 4; lastKnownFileType = sourcecode.cpp.h; path = sbuffer.hpp; sourceTree = "<group>"; };
		E5EF489C17B99B6000F62017 /* sysdep.h */ = {isa = PBXFileReference; fileEncoding = 4; lastKnownFileType = sourcecode.c.h; path = sysdep.h; sourceTree = "<group>"; };
		E5EF489E17B99B6000F62017 /* bool.hpp */ = {isa = PBXFileReference; fileEncoding = 4; lastKnownFileType = sourcecode.cpp.h; path = bool.hpp; sourceTree = "<group>"; };
		E5EF489F17B99B6000F62017 /* define.hpp */ = {isa = PBXFileReference; fileEncoding = 4; lastKnownFileType = sourcecode.cpp.h; path = define.hpp; sourceTree = "<group>"; };
		E5EF48A117B99B6000F62017 /* deque.hpp */ = {isa = PBXFileReference; fileEncoding = 4; lastKnownFileType = sourcecode.cpp.h; path = deque.hpp; sourceTree = "<group>"; };
		E5EF48A217B99B6000F62017 /* fixint.hpp */ = {isa = PBXFileReference; fileEncoding = 4; lastKnownFileType = sourcecode.cpp.h; path = fixint.hpp; sourceTree = "<group>"; };
		E5EF48A317B99B6000F62017 /* float.hpp */ = {isa = PBXFileReference; fileEncoding = 4; lastKnownFileType = sourcecode.cpp.h; path = float.hpp; sourceTree = "<group>"; };
		E5EF48A417B99B6000F62017 /* int.hpp */ = {isa = PBXFileReference; fileEncoding = 4; lastKnownFileType = sourcecode.cpp.h; path = int.hpp; sourceTree = "<group>"; };
		E5EF48A517B99B6000F62017 /* list.hpp */ = {isa = PBXFileReference; fileEncoding = 4; lastKnownFileType = sourcecode.cpp.h; path = list.hpp; sourceTree = "<group>"; };
		E5EF48A617B99B6000F62017 /* map.hpp */ = {isa = PBXFileReference; fileEncoding = 4; lastKnownFileType = sourcecode.cpp.h; path = map.hpp; sourceTree = "<group>"; };
		E5EF48A717B99B6000F62017 /* nil.hpp */ = {isa = PBXFileReference; fileEncoding = 4; lastKnownFileType = sourcecode.cpp.h; path = nil.hpp; sourceTree = "<group>"; };
		E5EF48A817B99B6000F62017 /* pair.hpp */ = {isa = PBXFileReference; fileEncoding = 4; lastKnownFileType = sourcecode.cpp.h; path = pair.hpp; sourceTree = "<group>"; };
		E5EF48A917B99B6000F62017 /* raw.hpp */ = {isa = PBXFileReference; fileEncoding = 4; lastKnownFileType = sourcecode.cpp.h; path = raw.hpp; sourceTree = "<group>"; };
		E5EF48AA17B99B6000F62017 /* set.hpp */ = {isa = PBXFileReference; fileEncoding = 4; lastKnownFileType = sourcecode.cpp.h; path = set.hpp; sourceTree = "<group>"; };
		E5EF48AB17B99B6000F62017 /* string.hpp */ = {isa = PBXFileReference; fileEncoding = 4; lastKnownFileType = sourcecode.cpp.h; path = string.hpp; sourceTree = "<group>"; };
		E5EF48AD17B99B6000F62017 /* unordered_map.hpp */ = {isa = PBXFileReference; fileEncoding = 4; lastKnownFileType = sourcecode.cpp.h; path = unordered_map.hpp; sourceTree = "<group>"; };
		E5EF48AE17B99B6000F62017 /* unordered_set.hpp */ = {isa = PBXFileReference; fileEncoding = 4; lastKnownFileType = sourcecode.cpp.h; path = unordered_set.hpp; sourceTree = "<group>"; };
		E5EF48AF17B99B6000F62017 /* tuple.hpp */ = {isa = PBXFileReference; fileEncoding = 4; lastKnownFileType = sourcecode.cpp.h; path = tuple.hpp; sourceTree = "<group>"; };
		E5EF48B117B99B6000F62017 /* vector.hpp */ = {isa = PBXFileReference; fileEncoding = 4; lastKnownFileType = sourcecode.cpp.h; path = vector.hpp; sourceTree = "<group>"; };
		E5EF48B217B99B6000F62017 /* type.hpp */ = {isa = PBXFileReference; fileEncoding = 4; lastKnownFileType = sourcecode.cpp.h; path = type.hpp; sourceTree = "<group>"; };
		E5EF48B317B99B6000F62017 /* unpack.h */ = {isa = PBXFileReference; fileEncoding = 4; lastKnownFileType = sourcecode.c.h; path = unpack.h; sourceTree = "<group>"; };
		E5EF48B417B99B6000F62017 /* unpack.hpp */ = {isa = PBXFileReference; fileEncoding = 4; lastKnownFileType = sourcecode.cpp.h; path = unpack.hpp; sourceTree = "<group>"; };
		E5EF48B517B99B6000F62017 /* unpack_define.h */ = {isa = PBXFileReference; fileEncoding = 4; lastKnownFileType = sourcecode.c.h; path = unpack_define.h; sourceTree = "<group>"; };
		E5EF48B617B99B6000F62017 /* unpack_template.h */ = {isa = PBXFileReference; fileEncoding = 4; lastKnownFileType = sourcecode.c.h; path = unpack_template.h; sourceTree = "<group>"; };
		E5EF48B717B99B6000F62017 /* version.h */ = {isa = PBXFileReference; fileEncoding = 4; lastKnownFileType = sourcecode.c.h; path = version.h; sourceTree = "<group>"; };
		E5EF48B917B99B6000F62017 /* vrefbuffer.h */ = {isa = PBXFileReference; fileEncoding = 4; lastKnownFileType = sourcecode.c.h; path = vrefbuffer.h; sourceTree = "<group>"; };
		E5EF48BA17B99B6000F62017 /* vrefbuffer.hpp */ = {isa = PBXFileReference; fileEncoding = 4; lastKnownFileType = sourcecode.cpp.h; path = vrefbuffer.hpp; sourceTree = "<group>"; };
		E5EF48BB17B99B6000F62017 /* zbuffer.h */ = {isa = PBXFileReference; fileEncoding = 4; lastKnownFileType = sourcecode.c.h; path = zbuffer.h; sourceTree = "<group>"; };
		E5EF48BC17B99B6000F62017 /* zbuffer.hpp */ = {isa = PBXFileReference; fileEncoding = 4; lastKnownFileType = sourcecode.cpp.h; path = zbuffer.hpp; sourceTree = "<group>"; };
		E5EF48BD17B99B6000F62017 /* zone.h */ = {isa = PBXFileReference; fileEncoding = 4; lastKnownFileType = sourcecode.c.h; path = zone.h; sourceTree = "<group>"; };
		E5EF48BE17B99B6000F62017 /* zone.hpp */ = {isa = PBXFileReference; fileEncoding = 4; lastKnownFileType = sourcecode.cpp.h; path = zone.hpp; sourceTree = "<group>"; };
		E5EF48C017B99B6000F62017 /* msgpack.h */ = {isa = PBXFileReference; fileEncoding = 4; lastKnownFileType = sourcecode.c.h; path = msgpack.h; sourceTree = "<group>"; };
		E5EF48C117B99B6000F62017 /* msgpack.hpp */ = {isa = PBXFileReference; fileEncoding = 4; lastKnownFileType = sourcecode.cpp.h; path = msgpack.hpp; sourceTree = "<group>"; };
		E5EF48C217B99B6000F62017 /* object.cpp */ = {isa = PBXFileReference; fileEncoding = 4; lastKnownFileType = sourcecode.cpp.cpp; path = object.cpp; sourceTree = "<group>"; };
		E5EF48C317B99B6000F62017 /* objectc.c */ = {isa = PBXFileReference; fileEncoding = 4; lastKnownFileType = sourcecode.c.c; path = objectc.c; sourceTree = "<group>"; };
		E5EF48C417B99B6000F62017 /* unpack.c */ = {isa = PBXFileReference; fileEncoding = 4; lastKnownFileType = sourcecode.c.c; path = unpack.c; sourceTree = "<group>"; };
		E5EF48C517B99B6000F62017 /* version.c */ = {isa = PBXFileReference; fileEncoding = 4; lastKnownFileType = sourcecode.c.c; path = version.c; sourceTree = "<group>"; };
		E5EF48C617B99B6000F62017 /* vrefbuffer.c */ = {isa = PBXFileReference; fileEncoding = 4; lastKnownFileType = sourcecode.c.c; path = vrefbuffer.c; sourceTree = "<group>"; };
		E5EF48C717B99B6000F62017 /* zone.c */ = {isa = PBXFileReference; fileEncoding = 4; lastKnownFileType = sourcecode.c.c; path = zone.c; sourceTree = "<group>"; };
		E5EF6FC811E77DE8000FB337 /* XsprayD.app */ = {isa = PBXFileReference; explicitFileType = wrapper.application; includeInIndex = 0; path = XsprayD.app; sourceTree = BUILT_PRODUCTS_DIR; };
		E5EF8BE117E8F45500AA5914 /* DebugState.cpp */ = {isa = PBXFileReference; fileEncoding = 4; lastKnownFileType = sourcecode.cpp.cpp; name = DebugState.cpp; path = src/Xspray/DebugState.cpp; sourceTree = "<group>"; };
		E5EF8BE217E8F45500AA5914 /* DebugState.h */ = {isa = PBXFileReference; fileEncoding = 4; lastKnownFileType = sourcecode.c.h; name = DebugState.h; path = src/Xspray/DebugState.h; sourceTree = "<group>"; };
		E5FD8D1B177C468C001646F6 /* README */ = {isa = PBXFileReference; fileEncoding = 4; lastKnownFileType = text; path = README; sourceTree = "<group>"; };
/* End PBXFileReference section */

/* Begin PBXFrameworksBuildPhase section */
		E5D64527120A0B92009C26A9 /* Frameworks */ = {
			isa = PBXFrameworksBuildPhase;
			buildActionMask = 2147483647;
			files = (
				E550BA331917CD780016CE60 /* libclang.dylib in Frameworks */,
				E536A50617C3519800D9F341 /* libmsgpack.a in Frameworks */,
				E54FADF6178179A700E09874 /* libtop.a in Frameworks */,
				E514380F1766377900DE52E4 /* libclang.dylib in Frameworks */,
				E562BF0B17685C600081AF35 /* LLDB.framework in Frameworks */,
				E5D64528120A0B92009C26A9 /* CoreFoundation.framework in Frameworks */,
				E5D64529120A0B92009C26A9 /* CoreServices.framework in Frameworks */,
				E5D6452A120A0B92009C26A9 /* OpenGL.framework in Frameworks */,
				E5D6453D120AA7D8009C26A9 /* libnuiCocoa.a in Frameworks */,
				E5D6452C120A0B92009C26A9 /* Cocoa.framework in Frameworks */,
				E53D0D0A1775869A0082B86F /* MobileDevice.framework in Frameworks */,
			);
			runOnlyForDeploymentPostprocessing = 0;
		};
		E5EF487F17B99ACA00F62017 /* Frameworks */ = {
			isa = PBXFrameworksBuildPhase;
			buildActionMask = 2147483647;
			files = (
			);
			runOnlyForDeploymentPostprocessing = 0;
		};
		E5EF6FBE11E77DE8000FB337 /* Frameworks */ = {
			isa = PBXFrameworksBuildPhase;
			buildActionMask = 2147483647;
			files = (
				E550BA321917CD780016CE60 /* libclang.dylib in Frameworks */,
				E5B74FC51913CCEB005E78CA /* libnuiCocoa.a in Frameworks */,
				E58F7E8217E3987200368507 /* LLDB.framework in Frameworks */,
				E536A50C17C351A600D9F341 /* libmsgpack.a in Frameworks */,
				E54FADF7178179AE00E09874 /* libtop.a in Frameworks */,
				6E04DC26176618750098D9D5 /* libclang.dylib in Frameworks */,
				E5EF6FC011E77DE8000FB337 /* CoreFoundation.framework in Frameworks */,
				E5EF6FC111E77DE8000FB337 /* CoreServices.framework in Frameworks */,
				E5EF6FC311E77DE8000FB337 /* OpenGL.framework in Frameworks */,
				E59CD16A11EA0C4000955611 /* Cocoa.framework in Frameworks */,
				E53D0D09177586790082B86F /* MobileDevice.framework in Frameworks */,
			);
			runOnlyForDeploymentPostprocessing = 0;
		};
/* End PBXFrameworksBuildPhase section */

/* Begin PBXGroup section */
		61A9DE3D0B833C9200BC506C = {
			isa = PBXGroup;
			children = (
				E550BA311917CD780016CE60 /* libclang.dylib */,
				E58F7E8117E3987200368507 /* LLDB.framework */,
				E5FD8D1B177C468C001646F6 /* README */,
				E5CA922316F62CB200B3A81D /* Xspray.entitlements */,
				E50FD30D17534D9900C4AA66 /* LLDB Python API */,
				E5C5912216722BA500BAEDE4 /* resources */,
				61A9DE4A0B833CD000BC506C /* sources */,
				61A9DE490B833CB000BC506C /* dependencies */,
				61A9DFB50B833DE500BC506C /* Products */,
			);
			sourceTree = "<group>";
		};
		61A9DE490B833CB000BC506C /* dependencies */ = {
			isa = PBXGroup;
			children = (
				E5EF487217B99AA900F62017 /* msgpack */,
				E54FADE81781796200E09874 /* top.xcodeproj */,
				6E04DC25176618750098D9D5 /* libclang.dylib */,
				E5F8FA2F16F4C5B300563A78 /* Frameworks */,
				BCBCB1520DFD45B5002E8BC3 /* nui3.xcodeproj */,
				E59CD30011EA94A000955611 /* Info.plist */,
			);
			name = dependencies;
			sourceTree = "<group>";
		};
		61A9DE4A0B833CD000BC506C /* sources */ = {
			isa = PBXGroup;
			children = (
				E53D0CE5177445DA0082B86F /* Xspray */,
				61A9DFEF0B83433800BC506C /* Application.cpp */,
				61A9DFF00B83433800BC506C /* Application.h */,
				61A9DFF10B83433800BC506C /* MainWindow.cpp */,
				61A9DFF20B83433800BC506C /* MainWindow.h */,
				E51C3C461779EF5E00FDE1AC /* NativeFileDialog.mm */,
				E51C3C471779EF5E00FDE1AC /* NativeFileDialog.h */,
			);
			name = sources;
			sourceTree = "<group>";
		};
		61A9DFB50B833DE500BC506C /* Products */ = {
			isa = PBXGroup;
			children = (
				E5EF6FC811E77DE8000FB337 /* XsprayD.app */,
				E5D64530120A0B92009C26A9 /* Xspray.app */,
				E5EF488217B99ACA00F62017 /* libmsgpack.a */,
			);
			name = Products;
			sourceTree = "<group>";
		};
		BCBCB1530DFD45B5002E8BC3 /* Products */ = {
			isa = PBXGroup;
			children = (
				BCBCB15E0DFD45B6002E8BC3 /* libnuiCarbon.a */,
				E5D644FB120A01E0009C26A9 /* libnuiCocoa.a */,
				E52420EE11CBCEBC0025CA71 /* libnuiPhone.a */,
				E5DD348412E0A30100F1EF4E /* libthirdparty_OSX.a */,
				E5D4E8E612E4A9000001A86F /* libthirdparty_iOS.a */,
				E50C19DC14B7C40D00C6C5B2 /* libminui.a */,
			);
			name = Products;
			sourceTree = "<group>";
		};
		E53D0CE5177445DA0082B86F /* Xspray */ = {
			isa = PBXGroup;
			children = (
				E54FABE217816B5400E09874 /* AppDescription.h */,
				E54FABE117816B5400E09874 /* AppDescription.mm */,
				E551CBD5178A4718008FCD2F /* ArrayModel.cpp */,
				E5523F141789DD2600C499E9 /* ArrayModel.h */,
				E53D0CE6177445E90082B86F /* Breakpoint.cpp */,
				E53D0CE7177445E90082B86F /* Breakpoint.h */,
				E54A252A17A7C9DD003EA936 /* BreakpointsView.cpp */,
				E54A252B17A7C9DD003EA936 /* BreakpointsView.h */,
				E53D0CE8177445E90082B86F /* DebuggerContext.cpp */,
				E53D0CE9177445E90082B86F /* DebuggerContext.h */,
				E5E8E734178060AB001E6358 /* DebugView.cpp */,
				E5E8E735178060AB001E6358 /* DebugView.h */,
				E5523F22178A2AF400C499E9 /* GraphView.cpp */,
				E5523F23178A2AF400C499E9 /* GraphView.h */,
				E5E8E73817806D43001E6358 /* HomeView.cpp */,
				E5E8E73917806D43001E6358 /* HomeView.h */,
				E53D0D0217750CDC0082B86F /* iOSRemoteDebug.cpp */,
				E53D0D0317750CDC0082B86F /* iOSRemoteDebug.h */,
				E53D0D0617750E350082B86F /* MobileDevice.h */,
				E53D0CEA177445E90082B86F /* ModuleTree.cpp */,
				E53D0CEB177445E90082B86F /* ModuleTree.h */,
				E53D0CEC177445E90082B86F /* ProcessTree.cpp */,
				E53D0CED177445E90082B86F /* ProcessTree.h */,
				E53D0CEE177445E90082B86F /* SourceView.cpp */,
				E53D0CEF177445E90082B86F /* SourceView.h */,
				E559C65C178DB0A00055848B /* SymbolTree.cpp */,
				E559C65D178DB0A00055848B /* SymbolTree.h */,
				E53D0CF0177445E90082B86F /* VariableNode.cpp */,
				E53D0CF1177445E90082B86F /* VariableNode.h */,
				E53D0CF2177445E90082B86F /* Xspray.cpp */,
				E53D0CF3177445E90082B86F /* Xspray.h */,
				E5EF8BE117E8F45500AA5914 /* DebugState.cpp */,
				E5EF8BE217E8F45500AA5914 /* DebugState.h */,
			);
			name = Xspray;
			sourceTree = "<group>";
		};
		E54FADE91781796200E09874 /* Products */ = {
			isa = PBXGroup;
			children = (
				E54FADEF1781796200E09874 /* top */,
				E54FADF11781796200E09874 /* libtop.a */,
			);
			name = Products;
			sourceTree = "<group>";
		};
		E5EF487217B99AA900F62017 /* msgpack */ = {
			isa = PBXGroup;
			children = (
				E5EF488517B99B6000F62017 /* src */,
			);
			name = msgpack;
			sourceTree = "<group>";
		};
		E5EF488517B99B6000F62017 /* src */ = {
			isa = PBXGroup;
			children = (
				E5EF488E17B99B6000F62017 /* gcc_atomic.cpp */,
				E5EF488F17B99B6000F62017 /* gcc_atomic.h */,
				E5EF489317B99B6000F62017 /* msgpack */,
				E5EF48C017B99B6000F62017 /* msgpack.h */,
				E5EF48C117B99B6000F62017 /* msgpack.hpp */,
				E5EF48C217B99B6000F62017 /* object.cpp */,
				E5EF48C317B99B6000F62017 /* objectc.c */,
				E5EF48C417B99B6000F62017 /* unpack.c */,
				E5EF48C517B99B6000F62017 /* version.c */,
				E5EF48C617B99B6000F62017 /* vrefbuffer.c */,
				E5EF48C717B99B6000F62017 /* zone.c */,
			);
			name = src;
			path = "deps/msgpack-c/src";
			sourceTree = "<group>";
		};
		E5EF489317B99B6000F62017 /* msgpack */ = {
			isa = PBXGroup;
			children = (
				E5EF489417B99B6000F62017 /* object.h */,
				E5EF489517B99B6000F62017 /* object.hpp */,
				E5EF489617B99B6000F62017 /* pack.h */,
				E5EF489717B99B6000F62017 /* pack.hpp */,
				E5EF489817B99B6000F62017 /* pack_define.h */,
				E5EF489917B99B6000F62017 /* pack_template.h */,
				E5EF489A17B99B6000F62017 /* sbuffer.h */,
				E5EF489B17B99B6000F62017 /* sbuffer.hpp */,
				E5EF489C17B99B6000F62017 /* sysdep.h */,
				E5EF489D17B99B6000F62017 /* type */,
				E5EF48B217B99B6000F62017 /* type.hpp */,
				E5EF48B317B99B6000F62017 /* unpack.h */,
				E5EF48B417B99B6000F62017 /* unpack.hpp */,
				E5EF48B517B99B6000F62017 /* unpack_define.h */,
				E5EF48B617B99B6000F62017 /* unpack_template.h */,
				E5EF48B717B99B6000F62017 /* version.h */,
				E5EF48B917B99B6000F62017 /* vrefbuffer.h */,
				E5EF48BA17B99B6000F62017 /* vrefbuffer.hpp */,
				E5EF48BB17B99B6000F62017 /* zbuffer.h */,
				E5EF48BC17B99B6000F62017 /* zbuffer.hpp */,
				E5EF48BD17B99B6000F62017 /* zone.h */,
				E5EF48BE17B99B6000F62017 /* zone.hpp */,
			);
			path = msgpack;
			sourceTree = "<group>";
		};
		E5EF489D17B99B6000F62017 /* type */ = {
			isa = PBXGroup;
			children = (
				E5EF489E17B99B6000F62017 /* bool.hpp */,
				E5EF489F17B99B6000F62017 /* define.hpp */,
				E5EF48A117B99B6000F62017 /* deque.hpp */,
				E5EF48A217B99B6000F62017 /* fixint.hpp */,
				E5EF48A317B99B6000F62017 /* float.hpp */,
				E5EF48A417B99B6000F62017 /* int.hpp */,
				E5EF48A517B99B6000F62017 /* list.hpp */,
				E5EF48A617B99B6000F62017 /* map.hpp */,
				E5EF48A717B99B6000F62017 /* nil.hpp */,
				E5EF48A817B99B6000F62017 /* pair.hpp */,
				E5EF48A917B99B6000F62017 /* raw.hpp */,
				E5EF48AA17B99B6000F62017 /* set.hpp */,
				E5EF48AB17B99B6000F62017 /* string.hpp */,
				E5EF48AC17B99B6000F62017 /* tr1 */,
				E5EF48AF17B99B6000F62017 /* tuple.hpp */,
				E5EF48B117B99B6000F62017 /* vector.hpp */,
			);
			path = type;
			sourceTree = "<group>";
		};
		E5EF48AC17B99B6000F62017 /* tr1 */ = {
			isa = PBXGroup;
			children = (
				E5EF48AD17B99B6000F62017 /* unordered_map.hpp */,
				E5EF48AE17B99B6000F62017 /* unordered_set.hpp */,
			);
			path = tr1;
			sourceTree = "<group>";
		};
		E5F8FA2F16F4C5B300563A78 /* Frameworks */ = {
			isa = PBXGroup;
			children = (
				E53D0D07177585F50082B86F /* MobileDevice.framework */,
				E50FD2FF1752B5BE00C4AA66 /* LLDB.framework */,
				6E37ABC016AD884700C333A4 /* WebKit.framework */,
				61A9DFD20B833F1500BC506C /* AGL.framework */,
				61A9DFD30B833F1500BC506C /* CoreFoundation.framework */,
				61A9DFD40B833F1500BC506C /* CoreServices.framework */,
				61A9DFD50B833F1500BC506C /* Carbon.framework */,
				61A9DFD60B833F1500BC506C /* OpenGL.framework */,
				E59CD16911EA0C4000955611 /* Cocoa.framework */,
			);
			name = Frameworks;
			sourceTree = "<group>";
		};
/* End PBXGroup section */

/* Begin PBXHeadersBuildPhase section */
		E5EF488017B99ACA00F62017 /* Headers */ = {
			isa = PBXHeadersBuildPhase;
			buildActionMask = 2147483647;
			files = (
				E5EF48D417B99B6000F62017 /* bool.hpp in Headers */,
				E5EF48C917B99B6000F62017 /* gcc_atomic.h in Headers */,
				E5EF48CB17B99B6000F62017 /* object.h in Headers */,
				E5EF48E317B99B6000F62017 /* tuple.hpp in Headers */,
				E5EF48E917B99B6000F62017 /* unpack_template.h in Headers */,
				E5EF48F117B99B6000F62017 /* msgpack.h in Headers */,
				E5EF48E517B99B6000F62017 /* type.hpp in Headers */,
				E5EF48D317B99B6000F62017 /* sysdep.h in Headers */,
				E5EF48ED17B99B6000F62017 /* zbuffer.h in Headers */,
				E5EF48EF17B99B6000F62017 /* zone.h in Headers */,
				E5EF48EE17B99B6000F62017 /* zbuffer.hpp in Headers */,
				E5EF48CC17B99B6000F62017 /* object.hpp in Headers */,
				E5EF48E417B99B6000F62017 /* vector.hpp in Headers */,
				E5EF48CE17B99B6000F62017 /* pack.hpp in Headers */,
				E5EF48D117B99B6000F62017 /* sbuffer.h in Headers */,
				E5EF48D517B99B6000F62017 /* define.hpp in Headers */,
				E5EF48D917B99B6000F62017 /* int.hpp in Headers */,
				E5EF48E617B99B6000F62017 /* unpack.h in Headers */,
				E5EF48DF17B99B6000F62017 /* set.hpp in Headers */,
				E5EF48DC17B99B6000F62017 /* nil.hpp in Headers */,
				E5EF48CF17B99B6000F62017 /* pack_define.h in Headers */,
				E5EF48E217B99B6000F62017 /* unordered_set.hpp in Headers */,
				E5EF48F017B99B6000F62017 /* zone.hpp in Headers */,
				E5EF48E117B99B6000F62017 /* unordered_map.hpp in Headers */,
				E5EF48CD17B99B6000F62017 /* pack.h in Headers */,
				E5EF48E817B99B6000F62017 /* unpack_define.h in Headers */,
				E5EF48D017B99B6000F62017 /* pack_template.h in Headers */,
				E5EF48D217B99B6000F62017 /* sbuffer.hpp in Headers */,
				E5EF48D817B99B6000F62017 /* float.hpp in Headers */,
				E5EF48E017B99B6000F62017 /* string.hpp in Headers */,
				E5EF48DE17B99B6000F62017 /* raw.hpp in Headers */,
				E5EF48EC17B99B6000F62017 /* vrefbuffer.hpp in Headers */,
				E5EF48D717B99B6000F62017 /* fixint.hpp in Headers */,
				E5EF48DB17B99B6000F62017 /* map.hpp in Headers */,
				E5EF48EA17B99B6000F62017 /* version.h in Headers */,
				E5EF48E717B99B6000F62017 /* unpack.hpp in Headers */,
				E5EF48DA17B99B6000F62017 /* list.hpp in Headers */,
				E5EF48DD17B99B6000F62017 /* pair.hpp in Headers */,
				E5EF48F217B99B6000F62017 /* msgpack.hpp in Headers */,
				E5EF48D617B99B6000F62017 /* deque.hpp in Headers */,
				E5EF48EB17B99B6000F62017 /* vrefbuffer.h in Headers */,
			);
			runOnlyForDeploymentPostprocessing = 0;
		};
/* End PBXHeadersBuildPhase section */

/* Begin PBXNativeTarget section */
		E5D64521120A0B92009C26A9 /* Xspray OSX */ = {
			isa = PBXNativeTarget;
			buildConfigurationList = E5D6452E120A0B92009C26A9 /* Build configuration list for PBXNativeTarget "Xspray OSX" */;
			buildPhases = (
				E5D64524120A0B92009C26A9 /* Sources */,
				E5D64527120A0B92009C26A9 /* Frameworks */,
				E5D6452D120A0B92009C26A9 /* Copy Resources Script */,
				E562BF0717685AE70081AF35 /* CopyFiles */,
				E562BF0917685AFA0081AF35 /* CopyFiles */,
			);
			buildRules = (
			);
			dependencies = (
				E536A50317C3518F00D9F341 /* PBXTargetDependency */,
				E54FADF51781799A00E09874 /* PBXTargetDependency */,
				E5D64535120A0BA3009C26A9 /* PBXTargetDependency */,
			);
			name = "Xspray OSX";
			productName = Tempd;
			productReference = E5D64530120A0B92009C26A9 /* Xspray.app */;
			productType = "com.apple.product-type.application";
		};
		E5EF488117B99ACA00F62017 /* msgpack */ = {
			isa = PBXNativeTarget;
			buildConfigurationList = E5EF488317B99ACA00F62017 /* Build configuration list for PBXNativeTarget "msgpack" */;
			buildPhases = (
				E5EF487E17B99ACA00F62017 /* Sources */,
				E5EF487F17B99ACA00F62017 /* Frameworks */,
				E5EF488017B99ACA00F62017 /* Headers */,
			);
			buildRules = (
			);
			dependencies = (
			);
			name = msgpack;
			productName = msgpack;
			productReference = E5EF488217B99ACA00F62017 /* libmsgpack.a */;
			productType = "com.apple.product-type.library.static";
		};
		E5EF6FB811E77DE8000FB337 /* XsprayD OSX */ = {
			isa = PBXNativeTarget;
			buildConfigurationList = E5EF6FC611E77DE8000FB337 /* Build configuration list for PBXNativeTarget "XsprayD OSX" */;
			buildPhases = (
				E5EF6FBB11E77DE8000FB337 /* Sources */,
				E5EF6FBE11E77DE8000FB337 /* Frameworks */,
				E5EF6FC511E77DE8000FB337 /* Copy Resources Script */,
				E5CA921B16F6011800B3A81D /* CopyFiles */,
			);
			buildRules = (
			);
			dependencies = (
				E5B74FC41913CCE0005E78CA /* PBXTargetDependency */,
				E536A50917C351A000D9F341 /* PBXTargetDependency */,
				E54FADF31781799500E09874 /* PBXTargetDependency */,
			);
			name = "XsprayD OSX";
			productName = Tempd;
			productReference = E5EF6FC811E77DE8000FB337 /* XsprayD.app */;
			productType = "com.apple.product-type.application";
		};
/* End PBXNativeTarget section */

/* Begin PBXProject section */
		61A9DE3F0B833C9200BC506C /* Project object */ = {
			isa = PBXProject;
			attributes = {
				LastUpgradeCheck = 0510;
			};
			buildConfigurationList = 61A9DE400B833C9200BC506C /* Build configuration list for PBXProject "Xspray" */;
			compatibilityVersion = "Xcode 3.2";
			developmentRegion = English;
			hasScannedForEncodings = 0;
			knownRegions = (
				en,
			);
			mainGroup = 61A9DE3D0B833C9200BC506C;
			productRefGroup = 61A9DFB50B833DE500BC506C /* Products */;
			projectDirPath = "";
			projectReferences = (
				{
					ProductGroup = BCBCB1530DFD45B5002E8BC3 /* Products */;
					ProjectRef = BCBCB1520DFD45B5002E8BC3 /* nui3.xcodeproj */;
				},
				{
					ProductGroup = E54FADE91781796200E09874 /* Products */;
					ProjectRef = E54FADE81781796200E09874 /* top.xcodeproj */;
				},
			);
			projectRoot = "";
			targets = (
				E5EF6FB811E77DE8000FB337 /* XsprayD OSX */,
				E5D64521120A0B92009C26A9 /* Xspray OSX */,
				E5EF488117B99ACA00F62017 /* msgpack */,
			);
		};
/* End PBXProject section */

/* Begin PBXReferenceProxy section */
		BCBCB15E0DFD45B6002E8BC3 /* libnuiCarbon.a */ = {
			isa = PBXReferenceProxy;
			fileType = archive.ar;
			path = libnuiCarbon.a;
			remoteRef = BCBCB15D0DFD45B6002E8BC3 /* PBXContainerItemProxy */;
			sourceTree = BUILT_PRODUCTS_DIR;
		};
		E50C19DC14B7C40D00C6C5B2 /* libminui.a */ = {
			isa = PBXReferenceProxy;
			fileType = archive.ar;
			path = libminui.a;
			remoteRef = E50C19DB14B7C40D00C6C5B2 /* PBXContainerItemProxy */;
			sourceTree = BUILT_PRODUCTS_DIR;
		};
		E52420EE11CBCEBC0025CA71 /* libnuiPhone.a */ = {
			isa = PBXReferenceProxy;
			fileType = archive.ar;
			path = libnuiPhone.a;
			remoteRef = E52420ED11CBCEBC0025CA71 /* PBXContainerItemProxy */;
			sourceTree = BUILT_PRODUCTS_DIR;
		};
		E54FADEF1781796200E09874 /* top */ = {
			isa = PBXReferenceProxy;
			fileType = "compiled.mach-o.executable";
			path = top;
			remoteRef = E54FADEE1781796200E09874 /* PBXContainerItemProxy */;
			sourceTree = BUILT_PRODUCTS_DIR;
		};
		E54FADF11781796200E09874 /* libtop.a */ = {
			isa = PBXReferenceProxy;
			fileType = archive.ar;
			path = libtop.a;
			remoteRef = E54FADF01781796200E09874 /* PBXContainerItemProxy */;
			sourceTree = BUILT_PRODUCTS_DIR;
		};
		E5D4E8E612E4A9000001A86F /* libthirdparty_iOS.a */ = {
			isa = PBXReferenceProxy;
			fileType = archive.ar;
			path = libthirdparty_iOS.a;
			remoteRef = E5D4E8E512E4A9000001A86F /* PBXContainerItemProxy */;
			sourceTree = BUILT_PRODUCTS_DIR;
		};
		E5D644FB120A01E0009C26A9 /* libnuiCocoa.a */ = {
			isa = PBXReferenceProxy;
			fileType = archive.ar;
			path = libnuiCocoa.a;
			remoteRef = E5D644FA120A01E0009C26A9 /* PBXContainerItemProxy */;
			sourceTree = BUILT_PRODUCTS_DIR;
		};
		E5DD348412E0A30100F1EF4E /* libthirdparty_OSX.a */ = {
			isa = PBXReferenceProxy;
			fileType = archive.ar;
			path = libthirdparty_OSX.a;
			remoteRef = E5DD348312E0A30100F1EF4E /* PBXContainerItemProxy */;
			sourceTree = BUILT_PRODUCTS_DIR;
		};
/* End PBXReferenceProxy section */

/* Begin PBXShellScriptBuildPhase section */
		E5D6452D120A0B92009C26A9 /* Copy Resources Script */ = {
			isa = PBXShellScriptBuildPhase;
			buildActionMask = 2147483647;
			files = (
			);
			inputPaths = (
			);
			name = "Copy Resources Script";
			outputPaths = (
			);
			runOnlyForDeploymentPostprocessing = 0;
			shellPath = /bin/sh;
			shellScript = "rsync -rC ./resources/ --exclude \".*\" \"$BUILT_PRODUCTS_DIR/$UNLOCALIZED_RESOURCES_FOLDER_PATH\"\n../nui3/tools/make_rc.py resources resource.rc\necho 0 ICON \\\"resources/icon.ico\\\" >> resource.rc\n";
		};
		E5EF6FC511E77DE8000FB337 /* Copy Resources Script */ = {
			isa = PBXShellScriptBuildPhase;
			buildActionMask = 2147483647;
			files = (
			);
			inputPaths = (
			);
			name = "Copy Resources Script";
			outputPaths = (
			);
			runOnlyForDeploymentPostprocessing = 0;
			shellPath = /bin/sh;
			shellScript = "rsync -rC ./resources/ --exclude \".*\" \"$BUILT_PRODUCTS_DIR/$UNLOCALIZED_RESOURCES_FOLDER_PATH\"\n../nui3/tools/make_rc.py resources resource.rc\necho 0 ICON \\\"resources/icon.ico\\\" >> resource.rc\n";
		};
/* End PBXShellScriptBuildPhase section */

/* Begin PBXSourcesBuildPhase section */
		E5D64524120A0B92009C26A9 /* Sources */ = {
			isa = PBXSourcesBuildPhase;
			buildActionMask = 2147483647;
			files = (
				E5D64525120A0B92009C26A9 /* Application.cpp in Sources */,
				E5D64526120A0B92009C26A9 /* MainWindow.cpp in Sources */,
				E53D0CF5177445E90082B86F /* Breakpoint.cpp in Sources */,
				E53D0CF7177445E90082B86F /* DebuggerContext.cpp in Sources */,
				E53D0CF9177445E90082B86F /* ModuleTree.cpp in Sources */,
				E5EF8BE417E8F45500AA5914 /* DebugState.cpp in Sources */,
				E53D0CFB177445E90082B86F /* ProcessTree.cpp in Sources */,
				E53D0CFD177445E90082B86F /* SourceView.cpp in Sources */,
				E559C65F178DB0A00055848B /* SymbolTree.cpp in Sources */,
				E53D0CFF177445E90082B86F /* VariableNode.cpp in Sources */,
				E54A252D17A7C9DD003EA936 /* BreakpointsView.cpp in Sources */,
				E53D0D01177445E90082B86F /* Xspray.cpp in Sources */,
				E53D0D0517750CDC0082B86F /* iOSRemoteDebug.cpp in Sources */,
				E51C3C491779EF5E00FDE1AC /* NativeFileDialog.mm in Sources */,
				E5523F25178A2AF400C499E9 /* GraphView.cpp in Sources */,
				E5E8E737178060AB001E6358 /* DebugView.cpp in Sources */,
				E5E8E73B17806D43001E6358 /* HomeView.cpp in Sources */,
				E54FABE417816B5400E09874 /* AppDescription.mm in Sources */,
				E551CBD7178A4718008FCD2F /* ArrayModel.cpp in Sources */,
			);
			runOnlyForDeploymentPostprocessing = 0;
		};
		E5EF487E17B99ACA00F62017 /* Sources */ = {
			isa = PBXSourcesBuildPhase;
			buildActionMask = 2147483647;
			files = (
				E5EF48F517B99B6000F62017 /* unpack.c in Sources */,
				E5EF48F717B99B6000F62017 /* vrefbuffer.c in Sources */,
				E5EF48F417B99B6000F62017 /* objectc.c in Sources */,
				E5EF48F817B99B6000F62017 /* zone.c in Sources */,
				E5EF48F317B99B6000F62017 /* object.cpp in Sources */,
				E5EF48F617B99B6000F62017 /* version.c in Sources */,
				E5EF48C817B99B6000F62017 /* gcc_atomic.cpp in Sources */,
			);
			runOnlyForDeploymentPostprocessing = 0;
		};
		E5EF6FBB11E77DE8000FB337 /* Sources */ = {
			isa = PBXSourcesBuildPhase;
			buildActionMask = 2147483647;
			files = (
				E5EF6FBC11E77DE8000FB337 /* Application.cpp in Sources */,
				E5EF6FBD11E77DE8000FB337 /* MainWindow.cpp in Sources */,
				E53D0CF4177445E90082B86F /* Breakpoint.cpp in Sources */,
				E53D0CF6177445E90082B86F /* DebuggerContext.cpp in Sources */,
				E53D0CF8177445E90082B86F /* ModuleTree.cpp in Sources */,
				E5EF8BE317E8F45500AA5914 /* DebugState.cpp in Sources */,
				E53D0CFA177445E90082B86F /* ProcessTree.cpp in Sources */,
				E53D0CFC177445E90082B86F /* SourceView.cpp in Sources */,
				E559C65E178DB0A00055848B /* SymbolTree.cpp in Sources */,
				E53D0CFE177445E90082B86F /* VariableNode.cpp in Sources */,
				E54A252C17A7C9DD003EA936 /* BreakpointsView.cpp in Sources */,
				E53D0D00177445E90082B86F /* Xspray.cpp in Sources */,
				E53D0D0417750CDC0082B86F /* iOSRemoteDebug.cpp in Sources */,
				E51C3C481779EF5E00FDE1AC /* NativeFileDialog.mm in Sources */,
				E5523F24178A2AF400C499E9 /* GraphView.cpp in Sources */,
				E5E8E736178060AB001E6358 /* DebugView.cpp in Sources */,
				E5E8E73A17806D43001E6358 /* HomeView.cpp in Sources */,
				E54FABE317816B5400E09874 /* AppDescription.mm in Sources */,
				E551CBD6178A4718008FCD2F /* ArrayModel.cpp in Sources */,
			);
			runOnlyForDeploymentPostprocessing = 0;
		};
/* End PBXSourcesBuildPhase section */

/* Begin PBXTargetDependency section */
		E536A50317C3518F00D9F341 /* PBXTargetDependency */ = {
			isa = PBXTargetDependency;
			target = E5EF488117B99ACA00F62017 /* msgpack */;
			targetProxy = E536A50217C3518F00D9F341 /* PBXContainerItemProxy */;
		};
		E536A50917C351A000D9F341 /* PBXTargetDependency */ = {
			isa = PBXTargetDependency;
			target = E5EF488117B99ACA00F62017 /* msgpack */;
			targetProxy = E536A50817C351A000D9F341 /* PBXContainerItemProxy */;
		};
		E54FADF31781799500E09874 /* PBXTargetDependency */ = {
			isa = PBXTargetDependency;
			name = libtop;
			targetProxy = E54FADF21781799500E09874 /* PBXContainerItemProxy */;
		};
		E54FADF51781799A00E09874 /* PBXTargetDependency */ = {
			isa = PBXTargetDependency;
			name = libtop;
			targetProxy = E54FADF41781799A00E09874 /* PBXContainerItemProxy */;
		};
		E5B74FC41913CCE0005E78CA /* PBXTargetDependency */ = {
			isa = PBXTargetDependency;
			name = nuiCocoa;
			targetProxy = E5B74FC31913CCE0005E78CA /* PBXContainerItemProxy */;
		};
		E5D64535120A0BA3009C26A9 /* PBXTargetDependency */ = {
			isa = PBXTargetDependency;
			name = nui3Cocoa;
			targetProxy = E5D64534120A0BA3009C26A9 /* PBXContainerItemProxy */;
		};
/* End PBXTargetDependency section */

/* Begin XCBuildConfiguration section */
		61A9DE410B833C9200BC506C /* debug */ = {
			isa = XCBuildConfiguration;
			buildSettings = {
				CLANG_CXX_LANGUAGE_STANDARD = "c++0x";
				CLANG_CXX_LIBRARY = "libc++";
				COPY_PHASE_STRIP = NO;
				DEBUG_INFORMATION_FORMAT = dwarf;
				FRAMEWORK_SEARCH_PATHS = $CONFIGURATION_BUILD_DIR/../Release;
				GCC_C_LANGUAGE_STANDARD = c99;
				GCC_PRECOMPILE_PREFIX_HEADER = YES;
				GCC_PREFIX_HEADER = src/Xspray/Xspray.h;
				HEADER_SEARCH_PATHS = (
					../nui3/include,
					../lldb/llvm/tools/clang/include,
					deps/top,
					deps/sqlite3,
					"deps/msgpack-c/src/",
				);
				INFOPLIST_FILE = Info.plist;
				LD_RUNPATH_SEARCH_PATHS = "@executable_path/../Frameworks";
				LIBRARY_SEARCH_PATHS = (
					"$(inherited)",
					"\"$(SRCROOT)/../lldb/llvm-build/Release+Asserts/x86_64/Release+Asserts/lib\"",
				);
				MACOSX_DEPLOYMENT_TARGET = 10.7;
				OTHER_LDFLAGS = (
					"-lz",
					"-liconv",
				);
			};
			name = debug;
		};
		E5D6452F120A0B92009C26A9 /* debug */ = {
			isa = XCBuildConfiguration;
			buildSettings = {
				COMBINE_HIDPI_IMAGES = YES;
				COPY_PHASE_STRIP = NO;
				FRAMEWORK_SEARCH_PATHS = (
					"$(inherited)",
					"\"$(SYSTEM_LIBRARY_DIR)/PrivateFrameworks\"",
				);
				GCC_DYNAMIC_NO_PIC = NO;
				GCC_GENERATE_DEBUGGING_SYMBOLS = YES;
				GCC_INLINES_ARE_PRIVATE_EXTERN = NO;
				GCC_INPUT_FILETYPE = sourcecode.cpp.objcpp;
				GCC_OPTIMIZATION_LEVEL = s;
				GCC_PREPROCESSOR_DEFINITIONS = _COCOA_;
				GCC_SYMBOLS_PRIVATE_EXTERN = NO;
				INSTALL_PATH = "$(HOME)/Applications";
				LIBRARY_SEARCH_PATHS = (
					"$(inherited)",
					"/Users/meeloo/work/lldb/llvm-build/Release+Asserts/x86_64/Release+Asserts/lib",
				);
				PRODUCT_NAME = Xspray;
				WARNING_CFLAGS = (
					"-Wmost",
					"-Wno-four-char-constants",
					"-Wno-unknown-pragmas",
				);
				WRAPPER_EXTENSION = app;
			};
			name = debug;
		};
		E5EF488417B99ACA00F62017 /* debug */ = {
			isa = XCBuildConfiguration;
			buildSettings = {
				ALWAYS_SEARCH_USER_PATHS = NO;
				CLANG_CXX_LANGUAGE_STANDARD = "gnu++0x";
				CLANG_CXX_LIBRARY = "libc++";
				CLANG_ENABLE_MODULES = YES;
				CLANG_ENABLE_OBJC_ARC = YES;
				CLANG_WARN_BOOL_CONVERSION = YES;
				CLANG_WARN_CONSTANT_CONVERSION = YES;
				CLANG_WARN_DIRECT_OBJC_ISA_USAGE = YES_ERROR;
				CLANG_WARN_EMPTY_BODY = YES;
				CLANG_WARN_ENUM_CONVERSION = YES;
				CLANG_WARN_INT_CONVERSION = YES;
				CLANG_WARN_OBJC_ROOT_CLASS = YES_ERROR;
				CLANG_WARN__DUPLICATE_METHOD_MATCH = YES;
				COPY_PHASE_STRIP = NO;
				EXECUTABLE_PREFIX = lib;
				GCC_C_LANGUAGE_STANDARD = gnu99;
				GCC_DYNAMIC_NO_PIC = NO;
				GCC_ENABLE_OBJC_EXCEPTIONS = YES;
				GCC_OPTIMIZATION_LEVEL = s;
				GCC_PRECOMPILE_PREFIX_HEADER = NO;
				GCC_PREFIX_HEADER = "";
				GCC_SYMBOLS_PRIVATE_EXTERN = NO;
				GCC_WARN_64_TO_32_BIT_CONVERSION = YES;
				GCC_WARN_ABOUT_RETURN_TYPE = YES_ERROR;
				GCC_WARN_UNDECLARED_SELECTOR = YES;
				GCC_WARN_UNINITIALIZED_AUTOS = YES;
				GCC_WARN_UNUSED_FUNCTION = YES;
				GCC_WARN_UNUSED_VARIABLE = YES;
				HEADER_SEARCH_PATHS = "deps/msgpack-c/src/";
				MACOSX_DEPLOYMENT_TARGET = 10.9;
				ONLY_ACTIVE_ARCH = YES;
				OTHER_LDFLAGS = "";
				PRODUCT_NAME = "$(TARGET_NAME)";
				SDKROOT = macosx;
			};
			name = debug;
		};
		E5EF6FC711E77DE8000FB337 /* debug */ = {
			isa = XCBuildConfiguration;
			buildSettings = {
				COMBINE_HIDPI_IMAGES = YES;
				FRAMEWORK_SEARCH_PATHS = (
					"$(inherited)",
					"\\\"$(SYSTEM_LIBRARY_DIR)/PrivateFrameworks\\\"",
					"/Users/meeloo/work/build/Xspray-dtwapawukeyqhfbpilcteskrgncc/Build/Products/Debug",
					"$(SYSTEM_LIBRARY_DIR)/PrivateFrameworks",
				);
				GCC_DYNAMIC_NO_PIC = NO;
				GCC_GENERATE_DEBUGGING_SYMBOLS = YES;
				GCC_INLINES_ARE_PRIVATE_EXTERN = NO;
				GCC_INPUT_FILETYPE = sourcecode.cpp.objcpp;
				GCC_OPTIMIZATION_LEVEL = 0;
				GCC_PREPROCESSOR_DEFINITIONS = (
					_COCOA_,
					_DEBUG,
				);
				GCC_SYMBOLS_PRIVATE_EXTERN = NO;
				INSTALL_PATH = "$(HOME)/Applications";
				LIBRARY_SEARCH_PATHS = (
					"$(inherited)",
					"/Users/meeloo/work/lldb/llvm-build/Release+Asserts/x86_64/Release+Asserts/lib",
				);
				PRODUCT_NAME = XsprayD;
				WARNING_CFLAGS = (
					"-Wmost",
					"-Wno-four-char-constants",
					"-Wno-unknown-pragmas",
				);
				WRAPPER_EXTENSION = app;
			};
			name = debug;
		};
/* End XCBuildConfiguration section */

/* Begin XCConfigurationList section */
		61A9DE400B833C9200BC506C /* Build configuration list for PBXProject "Xspray" */ = {
			isa = XCConfigurationList;
			buildConfigurations = (
				61A9DE410B833C9200BC506C /* debug */,
			);
			defaultConfigurationIsVisible = 0;
			defaultConfigurationName = debug;
		};
		E5D6452E120A0B92009C26A9 /* Build configuration list for PBXNativeTarget "Xspray OSX" */ = {
			isa = XCConfigurationList;
			buildConfigurations = (
				E5D6452F120A0B92009C26A9 /* debug */,
			);
			defaultConfigurationIsVisible = 0;
			defaultConfigurationName = debug;
		};
		E5EF488317B99ACA00F62017 /* Build configuration list for PBXNativeTarget "msgpack" */ = {
			isa = XCConfigurationList;
			buildConfigurations = (
				E5EF488417B99ACA00F62017 /* debug */,
			);
			defaultConfigurationIsVisible = 0;
			defaultConfigurationName = debug;
		};
		E5EF6FC611E77DE8000FB337 /* Build configuration list for PBXNativeTarget "XsprayD OSX" */ = {
			isa = XCConfigurationList;
			buildConfigurations = (
				E5EF6FC711E77DE8000FB337 /* debug */,
			);
			defaultConfigurationIsVisible = 0;
			defaultConfigurationName = debug;
		};
/* End XCConfigurationList section */
	};
	rootObject = 61A9DE3F0B833C9200BC506C /* Project object */;
}
